// !$*UTF8*$!
{
	archiveVersion = 1;
	classes = {
	};
	objectVersion = 77;
	objects = {

/* Begin PBXBuildFile section */
		019EF67755B6DCAB5D16F595 /* TextEntryBody.swift in Sources */ = {isa = PBXBuildFile; fileRef = 90A621BCC5001A67C9B05A19 /* TextEntryBody.swift */; };
		0284EB1329A9A5B1C0DF85D6 /* NeighborhoodService.swift in Sources */ = {isa = PBXBuildFile; fileRef = 38C43874FCAA3C0E4F2A8E43 /* NeighborhoodService.swift */; };
		0322D64C0EE47E45F43BB07A /* CanvasScope.swift in Sources */ = {isa = PBXBuildFile; fileRef = 592EF17AD51166EAA3E577F2 /* CanvasScope.swift */; };
		0498E0EE7559CBC6D217A2AA /* Node.swift in Sources */ = {isa = PBXBuildFile; fileRef = 1866B7173FCC4A9B1AE81AF1 /* Node.swift */; };
		05B10604308289E3B1B57BC2 /* EntryMigrationSelfTest.swift in Sources */ = {isa = PBXBuildFile; fileRef = 21B0049BD58E9FC905E20D61 /* EntryMigrationSelfTest.swift */; };
		072DC09BF29115E7CB85AC94 /* Tag.swift in Sources */ = {isa = PBXBuildFile; fileRef = 39E6876F450FCAC6F6B1A9CF /* Tag.swift */; };
		07CB581F48846F9CC3814049 /* UberNodeService.swift in Sources */ = {isa = PBXBuildFile; fileRef = 1004BF2AC849AC8BA745BD5D /* UberNodeService.swift */; };
		0888BEFE345DC3469F36CC46 /* AVKit.framework in Frameworks */ = {isa = PBXBuildFile; fileRef = 8EA8C82636A7D9E2E115A203 /* AVKit.framework */; };
		09AE21B8978FFA31BA8A26AF /* PastePadView.swift in Sources */ = {isa = PBXBuildFile; fileRef = 88A13C2113DC9781B455DF42 /* PastePadView.swift */; };
		0A1E663CC31AC33AC01C329C /* SubstrateCoord2D.swift in Sources */ = {isa = PBXBuildFile; fileRef = CB4204EBBDB6AEFAC59BB313 /* SubstrateCoord2D.swift */; };
		0DA4D90F51F7EBBB06AF43BF /* UMAPRandom.swift in Sources */ = {isa = PBXBuildFile; fileRef = 4EAC56542567C77B0E89E836 /* UMAPRandom.swift */; };
		0DD473436C9C5CAAAC0E3654 /* ViewModeToggle.swift in Sources */ = {isa = PBXBuildFile; fileRef = F017F0A0FBF6A049612B0607 /* ViewModeToggle.swift */; };
		0E65AFD08082B04CE1E21753 /* SubstrateCoord2D.swift in Sources */ = {isa = PBXBuildFile; fileRef = CB4204EBBDB6AEFAC59BB313 /* SubstrateCoord2D.swift */; };
		0EACEA13F977A2F47F9705AE /* GhostQueryField.swift in Sources */ = {isa = PBXBuildFile; fileRef = B19E6C6B18DBABD6FD558BD7 /* GhostQueryField.swift */; };
		0EEF4CACE92EAACFFD043499 /* OGPreviewView.swift in Sources */ = {isa = PBXBuildFile; fileRef = BBA68756B325BB81B3EDBA12 /* OGPreviewView.swift */; };
		11D8040AE3C48E6498A1F6A6 /* UMAPSelfTest.swift in Sources */ = {isa = PBXBuildFile; fileRef = D80918E8E0CCC9ECFE36A664 /* UMAPSelfTest.swift */; };
		130B5342B773AA3949CFC79C /* HDBSCANCluster.swift in Sources */ = {isa = PBXBuildFile; fileRef = D513DE977AA6A0B607CE5508 /* HDBSCANCluster.swift */; };
		14CCCFDE746CB2FA0459B622 /* CanvasView.swift in Sources */ = {isa = PBXBuildFile; fileRef = 66610DC5B90AC2729F2B6F1D /* CanvasView.swift */; };
		1539FED677BC12C88E719D24 /* SubstrateService.swift in Sources */ = {isa = PBXBuildFile; fileRef = AA69D329E4CBB77BDB1B9345 /* SubstrateService.swift */; };
		180A5BBD985A33703EA64E74 /* UMAP.swift in Sources */ = {isa = PBXBuildFile; fileRef = D685E8AE8B6D8F7C0D614C65 /* UMAP.swift */; };
		1A71668ACC87B6B9C0D804E7 /* Collection.swift in Sources */ = {isa = PBXBuildFile; fileRef = 909B3DB690784E89652659ED /* Collection.swift */; };
		1A9E8EF4E13EF3D1B9009EB8 /* ReviewQueueSheet.swift in Sources */ = {isa = PBXBuildFile; fileRef = 8BDD458C42AD717CBB2269BE /* ReviewQueueSheet.swift */; };
		1AB937D63FE8F452D767344B /* Neighborhood.swift in Sources */ = {isa = PBXBuildFile; fileRef = AE402981E931009EBB3F93EE /* Neighborhood.swift */; };
		1C7BD8D8DAED08D89F04F795 /* LongPressDragRecognizer.swift in Sources */ = {isa = PBXBuildFile; fileRef = 3A582AE8DB1D9CEB0084017C /* LongPressDragRecognizer.swift */; };
		1D608EF5021F6603E6048269 /* BackgroundGridNode.swift in Sources */ = {isa = PBXBuildFile; fileRef = ACE4CFCC06057A8055A511FC /* BackgroundGridNode.swift */; };
		1F75D3242F7280C70C2158C5 /* SceneDelegate.swift in Sources */ = {isa = PBXBuildFile; fileRef = 79694583DE4ADDFCDD62B5F6 /* SceneDelegate.swift */; };
		2066C6BE5B2E00550E919724 /* MediaThumbnailLoader.swift in Sources */ = {isa = PBXBuildFile; fileRef = DEE52A59E0B190ECA764DE9A /* MediaThumbnailLoader.swift */; };
		20A15CA3D0F6100CB85D8AA1 /* NodeItem.swift in Sources */ = {isa = PBXBuildFile; fileRef = 8E4F251A686080806C62E071 /* NodeItem.swift */; };
		2249B0A6466ACB02E03C2E41 /* AirPadApp.swift in Sources */ = {isa = PBXBuildFile; fileRef = 5B3AEF4D4309C19AB2068A9E /* AirPadApp.swift */; };
		2303084ED2267E83C85ED87E /* TextCaptureSheet.swift in Sources */ = {isa = PBXBuildFile; fileRef = 801C2DAC6AF0F2DE2EB27A25 /* TextCaptureSheet.swift */; };
		26E14B3E298318D333114703 /* TodayCardView.swift in Sources */ = {isa = PBXBuildFile; fileRef = 9AA8521DD3D6E9D3A98EF6EB /* TodayCardView.swift */; };
		2733262BA259E300B3613CF3 /* Tag.swift in Sources */ = {isa = PBXBuildFile; fileRef = 39E6876F450FCAC6F6B1A9CF /* Tag.swift */; };
		299AECA5A73FE92E7FB0378B /* ImageEntryBody.swift in Sources */ = {isa = PBXBuildFile; fileRef = 1051A2630769178DF195B38B /* ImageEntryBody.swift */; };
		2B4E58DDB1092B8D07102CC3 /* RelatednessService.swift in Sources */ = {isa = PBXBuildFile; fileRef = 988F66299DD79745A824B3A0 /* RelatednessService.swift */; };
		2D797B443BD3042A6F78FC40 /* LinkAppendSheet.swift in Sources */ = {isa = PBXBuildFile; fileRef = 8BF1D622AE4FE341F4039341 /* LinkAppendSheet.swift */; };
		2DDA27FA6C4F26BC05D7EA97 /* UMAPGraph.swift in Sources */ = {isa = PBXBuildFile; fileRef = BE499E529F1B439D3EDD8816 /* UMAPGraph.swift */; };
		2E8726CA49E4BE479EED79CC /* FeatureFlags.swift in Sources */ = {isa = PBXBuildFile; fileRef = C3FFA73288300E8E7B5FBA46 /* FeatureFlags.swift */; };
		348CAEC8BA9B796ECC63C1B0 /* GalleryFullscreenViewer.swift in Sources */ = {isa = PBXBuildFile; fileRef = D44A25A6703788139F657ECD /* GalleryFullscreenViewer.swift */; };
		35E9FE2824624E3B376D2C67 /* SubstrateCanvasLayoutAdapter.swift in Sources */ = {isa = PBXBuildFile; fileRef = 6CA2C672B173696A7DD874CF /* SubstrateCanvasLayoutAdapter.swift */; };
		35F092469148D4C98C2C1F7D /* UMAPSGD.swift in Sources */ = {isa = PBXBuildFile; fileRef = 338373B19F63427D62FB1D74 /* UMAPSGD.swift */; };
		37C96334FF2E680609216C38 /* EntryVisualSettings.swift in Sources */ = {isa = PBXBuildFile; fileRef = 6F9B499A6DE0C5C10644FF16 /* EntryVisualSettings.swift */; };
		3B496945356A064AD86E3547 /* DocumentPickerView.swift in Sources */ = {isa = PBXBuildFile; fileRef = D06AD49C19B1632AA4F8E29C /* DocumentPickerView.swift */; };
		3E395C3D1D01816EA4255C62 /* Fraunces_72pt-Bold.ttf in Resources */ = {isa = PBXBuildFile; fileRef = 1F0919534CCB6765FBE4D8F0 /* Fraunces_72pt-Bold.ttf */; };
		477F08FD09F9D4C6A9418BB6 /* Security.framework in Frameworks */ = {isa = PBXBuildFile; fileRef = 6150CF6FB6E8BBB89B1C5C8F /* Security.framework */; };
		481B80E93834B0485E835938 /* CorpusQuerySheet.swift in Sources */ = {isa = PBXBuildFile; fileRef = A486E02334E4E4056C81AA71 /* CorpusQuerySheet.swift */; };
		4A2412B05EF3E6B0AC85E119 /* LinkSnapshotService.swift in Sources */ = {isa = PBXBuildFile; fileRef = FC68B6E4E41E80E237C8FFBA /* LinkSnapshotService.swift */; };
		4A9066CFF7C8F4CF3B9EE689 /* VoiceEntryBody.swift in Sources */ = {isa = PBXBuildFile; fileRef = EB1C4F8AC8EFA42414AB9073 /* VoiceEntryBody.swift */; };
		4B9B295B512914F6DF2CEE86 /* DocumentGalleryTile.swift in Sources */ = {isa = PBXBuildFile; fileRef = 495540C7C08695DEA4B137D3 /* DocumentGalleryTile.swift */; };
		4D418B5B931D8B8170E67A3A /* Lato-Regular.ttf in Resources */ = {isa = PBXBuildFile; fileRef = 26DA962A10457FCFA38D1141 /* Lato-Regular.ttf */; };
		505E0F8BA9D6E93F476B35C0 /* LinkViewModeToggle.swift in Sources */ = {isa = PBXBuildFile; fileRef = 770199F6D56D0EDB0BCA874A /* LinkViewModeToggle.swift */; };
		50D317CEDE9F97C21ED80ECF /* ContentView.swift in Sources */ = {isa = PBXBuildFile; fileRef = 194292F01A21193B880F16FA /* ContentView.swift */; };
		50DC50BEDB156FA63FDCB05A /* CorpusIndex.swift in Sources */ = {isa = PBXBuildFile; fileRef = 38A3FAF363374C7CF5B97E3B /* CorpusIndex.swift */; };
		524632EA61033FFCA11734F8 /* BentoLayout.swift in Sources */ = {isa = PBXBuildFile; fileRef = DB97C8C89A4E56E95903000D /* BentoLayout.swift */; };
		52D3D753240395AD3A873749 /* DashboardView.swift in Sources */ = {isa = PBXBuildFile; fileRef = 88ABC9EFFF4787FFDF05A2CB /* DashboardView.swift */; };
		536D8F5AEBC887BD1A87C990 /* AutoScrollDriver.swift in Sources */ = {isa = PBXBuildFile; fileRef = 9640DF6602CDCA4B2689C33C /* AutoScrollDriver.swift */; };
		55858A9A690EA3D459DE82E9 /* FilterState.swift in Sources */ = {isa = PBXBuildFile; fileRef = 48DBCBFAFA7298D82C3BB0FF /* FilterState.swift */; };
		588C140B790E7DD63A55BCC1 /* MediaPickerWrapper.swift in Sources */ = {isa = PBXBuildFile; fileRef = 894DD6E70D91D9E9B00246B9 /* MediaPickerWrapper.swift */; };
		598AB294337257CEED19A5BC /* LinkEntryBody.swift in Sources */ = {isa = PBXBuildFile; fileRef = 4E72F7C5BEAD8D357C8976F7 /* LinkEntryBody.swift */; };
		59D565CBEADBCAFF7FF2D755 /* CorpusPhysicsScene.swift in Sources */ = {isa = PBXBuildFile; fileRef = 1652D343DDB50759748BDE8F /* CorpusPhysicsScene.swift */; };
		5A03FDA3ADA663B72A753A5C /* CollectionCreationSheet.swift in Sources */ = {isa = PBXBuildFile; fileRef = 6123D1D38AF585588EBDF3F2 /* CollectionCreationSheet.swift */; };
		5A4ACFE6BDA35A2F9B792DDD /* KeyboardDismissModifier.swift in Sources */ = {isa = PBXBuildFile; fileRef = E1CA7EBB8E00D6EB0B60EBCE /* KeyboardDismissModifier.swift */; };
		5F8E37E87E6B3DAC5C0E38A9 /* Lora-Regular.ttf in Resources */ = {isa = PBXBuildFile; fileRef = 46B2E50D5AC047E8D52B2013 /* Lora-Regular.ttf */; };
		60B79436916BF6C740B9DBCF /* DocumentViewModeToggle.swift in Sources */ = {isa = PBXBuildFile; fileRef = 68BC1C6F6322A33290F95FDE /* DocumentViewModeToggle.swift */; };
		60D696FF61EBB144201B1E88 /* HDBSCANSelfTest.swift in Sources */ = {isa = PBXBuildFile; fileRef = 14E0A70C721C874921860A43 /* HDBSCANSelfTest.swift */; };
		61D32212DD37FB3544769B8A /* CanvasChrome.swift in Sources */ = {isa = PBXBuildFile; fileRef = E0B45CEB1C0E9FEB4B20A4F4 /* CanvasChrome.swift */; };
		629990192B6017CAA6D5DF1D /* UberNode.swift in Sources */ = {isa = PBXBuildFile; fileRef = F98C5EDB7B8428ABB080668F /* UberNode.swift */; };
		6353A53FA1E910980685F823 /* ActionButtonFan.swift in Sources */ = {isa = PBXBuildFile; fileRef = 6A83DC80F346033224EFCA60 /* ActionButtonFan.swift */; };
		679810DFF18BC3D51A25E8E0 /* NodeCardView.swift in Sources */ = {isa = PBXBuildFile; fileRef = FD659A40CE161F15D371C285 /* NodeCardView.swift */; };
		69FA0FE57299DB041E67B961 /* CanvasPlaceholderView.swift in Sources */ = {isa = PBXBuildFile; fileRef = 059B8AB893A1529A3DA1AF20 /* CanvasPlaceholderView.swift */; };
		6ABE3E503556A6148E29F602 /* Node.swift in Sources */ = {isa = PBXBuildFile; fileRef = 1866B7173FCC4A9B1AE81AF1 /* Node.swift */; };
		6AD3038B45A504C93797875A /* KeychainHelper.swift in Sources */ = {isa = PBXBuildFile; fileRef = C729D9028EBF447A0241ABFD /* KeychainHelper.swift */; };
		6DA9E5E14E071618E0AEB602 /* PhotosUI.framework in Frameworks */ = {isa = PBXBuildFile; fileRef = 0EAE9B78BB325C211A14551B /* PhotosUI.framework */; };
		6FC2BE9C463FD9AE53042812 /* RichTextEditor.swift in Sources */ = {isa = PBXBuildFile; fileRef = F135F708282671E607C7C84B /* RichTextEditor.swift */; };
		729D2AB8CC9F7200FB3D355C /* TagPickerMenu.swift in Sources */ = {isa = PBXBuildFile; fileRef = F103085E0B3E0A4D0FAF79EC /* TagPickerMenu.swift */; };
		734EB4A1701A2D305395A6E2 /* CanvasLayout.swift in Sources */ = {isa = PBXBuildFile; fileRef = 6DA455CC2574E70F9D6202E3 /* CanvasLayout.swift */; };
		75AF7C8AD43A3FE74F44F97D /* MediaFullscreenViewer.swift in Sources */ = {isa = PBXBuildFile; fileRef = BB4E63F786821E7025A5C3A0 /* MediaFullscreenViewer.swift */; };
		7701571E5153DEFA1B4F4D82 /* SpriteKitView.swift in Sources */ = {isa = PBXBuildFile; fileRef = 323936C16D8B5CEB958D9E32 /* SpriteKitView.swift */; };
		774AD9C545FED85D651CA8D7 /* VideoEntryBody.swift in Sources */ = {isa = PBXBuildFile; fileRef = DF61433D19DB8098D7096F3D /* VideoEntryBody.swift */; };
		79EBBD07CEAF35CA5E4CF8A3 /* Neighborhood.swift in Sources */ = {isa = PBXBuildFile; fileRef = AE402981E931009EBB3F93EE /* Neighborhood.swift */; };
		7F1400E0F8FC4DC57AFA78B0 /* Fraunces_72pt-Regular.ttf in Resources */ = {isa = PBXBuildFile; fileRef = 9D28079BFC7E139E6C4C8D65 /* Fraunces_72pt-Regular.ttf */; };
		82A241AC4B5BE28AC0C44FCE /* UMAPTransform.swift in Sources */ = {isa = PBXBuildFile; fileRef = CBFC67AB61C6EF9AE8FAEA9E /* UMAPTransform.swift */; };
		82E46E44615798A6EAF8F8EF /* ShareViewController.swift in Sources */ = {isa = PBXBuildFile; fileRef = 7ADCFC2E5FD3AD007A9DF0EE /* ShareViewController.swift */; };
		84D3297B82B6407D4F3DA4C4 /* SelectionService.swift in Sources */ = {isa = PBXBuildFile; fileRef = 92F8312336CC2A7C1C2763EF /* SelectionService.swift */; };
		85903919E22420C824ADCD93 /* CanvasScope.swift in Sources */ = {isa = PBXBuildFile; fileRef = 592EF17AD51166EAA3E577F2 /* CanvasScope.swift */; };
		868B804EAA857627DC429F67 /* DocumentQuickLookViewer.swift in Sources */ = {isa = PBXBuildFile; fileRef = 8B88D3F84112712169492D89 /* DocumentQuickLookViewer.swift */; };
		86C3217B7B90105732A120FA /* ClipboardContentRouter.swift in Sources */ = {isa = PBXBuildFile; fileRef = 39A4F2C5815649CFC465EF1F /* ClipboardContentRouter.swift */; };
		8943F983244CAFA176DC3313 /* TagCreationSheet.swift in Sources */ = {isa = PBXBuildFile; fileRef = F6A18AD80C0FCB6B5E928844 /* TagCreationSheet.swift */; };
		89E7C55E1D0C63E7C5D191D6 /* NodeItemType.swift in Sources */ = {isa = PBXBuildFile; fileRef = 7ED3DACE683F20031A4F5E03 /* NodeItemType.swift */; };
		8A4950423895F7ECE2B4D88E /* ThreadService.swift in Sources */ = {isa = PBXBuildFile; fileRef = B01CAFC639E0B10C51EF1BE3 /* ThreadService.swift */; };
		8C06E3866E668409E3983A5D /* SubstrateSelfTest.swift in Sources */ = {isa = PBXBuildFile; fileRef = 5A7FA11AA44164C72396196B /* SubstrateSelfTest.swift */; };
		8C96AD497D0109F8061A0BB6 /* NodeListView.swift in Sources */ = {isa = PBXBuildFile; fileRef = 4D539DCAE9FDB57420DF7460 /* NodeListView.swift */; };
		8D93AB74B120515EE87D5A07 /* DocumentGalleryBody.swift in Sources */ = {isa = PBXBuildFile; fileRef = 03D5CDD92B068C0BDB141317 /* DocumentGalleryBody.swift */; };
		8DF5479C80E72F6CE5DCC035 /* SubstrateLayoutService.swift in Sources */ = {isa = PBXBuildFile; fileRef = 7917C14BA2EB5AE11F600CA0 /* SubstrateLayoutService.swift */; };
		8FFDCAEF4D4015563015B420 /* RejectedBlock.swift in Sources */ = {isa = PBXBuildFile; fileRef = 463DA699C1C0AF251F9242D9 /* RejectedBlock.swift */; };
		910169FB448EEF32C13A9AD4 /* CorpusStore.swift in Sources */ = {isa = PBXBuildFile; fileRef = ADDA79A05C807120913FCE5F /* CorpusStore.swift */; };
		920726B4D8FC354FA85D6FED /* EntryCard.swift in Sources */ = {isa = PBXBuildFile; fileRef = A1213E716A9E302D0B777EDD /* EntryCard.swift */; };
		92EB26DCD27BEE257F94BDB1 /* EntryMigration.swift in Sources */ = {isa = PBXBuildFile; fileRef = 496C87CE26D129958AA115EF /* EntryMigration.swift */; };
		92F35A9326AC198E2D28E79B /* CorpusIndex.swift in Sources */ = {isa = PBXBuildFile; fileRef = 38A3FAF363374C7CF5B97E3B /* CorpusIndex.swift */; };
		933F90BAF8522AC82045E273 /* CanvasSlideOutMenu.swift in Sources */ = {isa = PBXBuildFile; fileRef = EC0FDB237F677A326AE033DF /* CanvasSlideOutMenu.swift */; };
		9427669EFA4ECACBF0439D06 /* Collection.swift in Sources */ = {isa = PBXBuildFile; fileRef = 909B3DB690784E89652659ED /* Collection.swift */; };
		9453BD22FBCF63BB83151ABE /* QuarantineReviewSheet.swift in Sources */ = {isa = PBXBuildFile; fileRef = CB9627DA5A37E1126FD4446D /* QuarantineReviewSheet.swift */; };
		94765E10145D5017BDE18696 /* CanvasState.swift in Sources */ = {isa = PBXBuildFile; fileRef = 9348EE6BAC36DA4236BB5780 /* CanvasState.swift */; };
		94A537D61439FE71622A5EF2 /* Assets.xcassets in Resources */ = {isa = PBXBuildFile; fileRef = 8EC521B24C7F8F9283E16AF2 /* Assets.xcassets */; };
		97C345D4F777202BA884F9A3 /* BatchParser.swift in Sources */ = {isa = PBXBuildFile; fileRef = DD4733E2421E070A68925125 /* BatchParser.swift */; };
		980DA2AAD9F7ED4474D295C8 /* NodePickerSheet.swift in Sources */ = {isa = PBXBuildFile; fileRef = B0CF42774C1F05903A2DF361 /* NodePickerSheet.swift */; };
		9864B2ADA60C6630DA0223AC /* NodeItem.swift in Sources */ = {isa = PBXBuildFile; fileRef = 8E4F251A686080806C62E071 /* NodeItem.swift */; };
		99570B5D8F06DF317DEB07A5 /* QuarantineStore.swift in Sources */ = {isa = PBXBuildFile; fileRef = 0642041A7F8A258DF0FF065C /* QuarantineStore.swift */; };
		9BBBB45D21CADBD3E042E4E9 /* StrandService.swift in Sources */ = {isa = PBXBuildFile; fileRef = 780B6A68830590DBDA5189D1 /* StrandService.swift */; };
		9CC24D2F472D010E7128EB08 /* NodeGradientBackground.swift in Sources */ = {isa = PBXBuildFile; fileRef = 497A2D223E494E948D445DFF /* NodeGradientBackground.swift */; };
		9DE472F3C0CC2C7696196323 /* GalleryBody.swift in Sources */ = {isa = PBXBuildFile; fileRef = 579FF08E333E57A78D8A5C84 /* GalleryBody.swift */; };
		9E5FA56AC337A7A5ADF61EE7 /* ImportIdeasSheet.swift in Sources */ = {isa = PBXBuildFile; fileRef = F20C72F362ADBFA6890FA798 /* ImportIdeasSheet.swift */; };
		9EB9E29886AAC3A0626B456C /* UberNode.swift in Sources */ = {isa = PBXBuildFile; fileRef = F98C5EDB7B8428ABB080668F /* UberNode.swift */; };
		A13084DE621F1F87415AC97F /* BatchParser.swift in Sources */ = {isa = PBXBuildFile; fileRef = DD4733E2421E070A68925125 /* BatchParser.swift */; };
		A795741744098AF3B305335B /* CardBlurTest.swift in Sources */ = {isa = PBXBuildFile; fileRef = B65719255B960A7B6876EC2A /* CardBlurTest.swift */; };
		A859CCDDA5AEF40491043CDA /* UMAPFuzzySet.swift in Sources */ = {isa = PBXBuildFile; fileRef = 7B05C305C5A28D74F771BA11 /* UMAPFuzzySet.swift */; };
		ABE6D49FBC9F9E8EC4D77DAB /* EntryDeletionDiagnostic.swift in Sources */ = {isa = PBXBuildFile; fileRef = 7E163AC58FD3A0154CA67BD2 /* EntryDeletionDiagnostic.swift */; };
		AC00CAAEA3AB86F2D4455FD1 /* UMAPFindAB.swift in Sources */ = {isa = PBXBuildFile; fileRef = 7DA33E483A4D9242E12537AA /* UMAPFindAB.swift */; };
		ACA7B702683CE03A268E743D /* SettingsView.swift in Sources */ = {isa = PBXBuildFile; fileRef = F7814673E5A10B9F5E391DA4 /* SettingsView.swift */; };
		ACB61EF70E11DC8884EE3A6F /* Lora-Bold.ttf in Resources */ = {isa = PBXBuildFile; fileRef = D414766388E3034250D0E1AE /* Lora-Bold.ttf */; };
		ACEC4360C76A6F362AA87972 /* UMAPModel.swift in Sources */ = {isa = PBXBuildFile; fileRef = D78B727835739390B86DF397 /* UMAPModel.swift */; };
		AD075AAA15B8DF36B4830D0D /* EmptyStateOverlay.swift in Sources */ = {isa = PBXBuildFile; fileRef = F009B8D59EF84BA40BB5B4A6 /* EmptyStateOverlay.swift */; };
		AD35DBA4F029E70A9B72068F /* CollectionPickerMenu.swift in Sources */ = {isa = PBXBuildFile; fileRef = 22331897C26EB8AA6E253BD6 /* CollectionPickerMenu.swift */; };
		ADFBFB77F411E0BDD3FA43F6 /* EntryVisualDevPanel.swift in Sources */ = {isa = PBXBuildFile; fileRef = ECACE148A0B50511A83212FE /* EntryVisualDevPanel.swift */; };
		AE6FCD7A72D7A70822662310 /* OGMetadataService.swift in Sources */ = {isa = PBXBuildFile; fileRef = 3366166820015E0F584466E9 /* OGMetadataService.swift */; };
		AE9C0E76D1F909B7C3197976 /* SubstrateColoringPass.swift in Sources */ = {isa = PBXBuildFile; fileRef = 25D6B0FB2872A820D969CD5E /* SubstrateColoringPass.swift */; };
		AF9E85D36F84D0F7EBD5AE5D /* TagEditorSheet.swift in Sources */ = {isa = PBXBuildFile; fileRef = 18D489F98FF9C10AE0D5F9A8 /* TagEditorSheet.swift */; };
		B0C29E98DF6C6DBE11E29DF1 /* SingleMediaBody.swift in Sources */ = {isa = PBXBuildFile; fileRef = 0B37326A27826C7715C130B6 /* SingleMediaBody.swift */; };
		B22143F553374028E0FCAF87 /* Lato-Bold.ttf in Resources */ = {isa = PBXBuildFile; fileRef = 1DBE8572AE138177283E2B18 /* Lato-Bold.ttf */; };
		B35E3505455954169FCEDDDB /* AVFoundation.framework in Frameworks */ = {isa = PBXBuildFile; fileRef = 7F65B5EE1F36033500EF4B74 /* AVFoundation.framework */; };
		B65ED43BBCC3BFD9FFC1621F /* iCloudDriveService.swift in Sources */ = {isa = PBXBuildFile; fileRef = B53FC4639F271D87E7E8A7A1 /* iCloudDriveService.swift */; };
		B73EA7AE6A764D173EA47BD8 /* CollectionView.swift in Sources */ = {isa = PBXBuildFile; fileRef = 688537782A3AA4A7F0B436F9 /* CollectionView.swift */; };
		B78F13EB665DF210C06FFD17 /* NodeDetailView.swift in Sources */ = {isa = PBXBuildFile; fileRef = E3F9189D5677C65F12E2D47F /* NodeDetailView.swift */; };
		B9CDAD910A082B35B8407337 /* MediaEntryChrome.swift in Sources */ = {isa = PBXBuildFile; fileRef = 47A0CAFA204942881B2074E6 /* MediaEntryChrome.swift */; };
		C0EF62B446B52D9A7AFF602F /* SpriteKit.framework in Frameworks */ = {isa = PBXBuildFile; fileRef = C6CE4B33C6F4682BF9799EC2 /* SpriteKit.framework */; };
		C333CD1EB11BAB691BB68679 /* AppRouter.swift in Sources */ = {isa = PBXBuildFile; fileRef = 3B1822A03D5407145464AB94 /* AppRouter.swift */; };
		C3D20531250163A764EAB625 /* LinkGalleryBody.swift in Sources */ = {isa = PBXBuildFile; fileRef = E2EFF0C3EADAB643BFED4C8F /* LinkGalleryBody.swift */; };
		C87A28595DB3F99CAB512AE5 /* SubstrateRelaxationPass.swift in Sources */ = {isa = PBXBuildFile; fileRef = E6F0064A274D4E43585A9E88 /* SubstrateRelaxationPass.swift */; };
		CA5580BF3FA789B9EF9D906C /* Speech.framework in Frameworks */ = {isa = PBXBuildFile; fileRef = 4339BD7FF5450195EDF70A95 /* Speech.framework */; };
		CA78CCC70BD9A594AD079E7D /* GalleryItemTile.swift in Sources */ = {isa = PBXBuildFile; fileRef = 6CC9DA2E35A6A167254A44EC /* GalleryItemTile.swift */; };
		CB2B608F43E8C59B2E14762E /* DocumentExtractionService.swift in Sources */ = {isa = PBXBuildFile; fileRef = 04C9DF59B5CB0AF40373A81B /* DocumentExtractionService.swift */; };
		CCD5B920FFC2E6B349140203 /* HDBSCANLinkage.swift in Sources */ = {isa = PBXBuildFile; fileRef = DD83A4DC76F83C28E144AA6D /* HDBSCANLinkage.swift */; };
		CD7F0605807BAAE61280B1B3 /* HDBSCANReachability.swift in Sources */ = {isa = PBXBuildFile; fileRef = ED287727ED25FF9291551213 /* HDBSCANReachability.swift */; };
		CE1698BA8F2CB57ED11C37F8 /* CaptureIntent.swift in Sources */ = {isa = PBXBuildFile; fileRef = C8376D171BB956C6EA17E5F9 /* CaptureIntent.swift */; };
		D3E0730ECFE302BBC58A79C0 /* AppDelegate.swift in Sources */ = {isa = PBXBuildFile; fileRef = 804D3764E120F2398822E16A /* AppDelegate.swift */; };
		D5709E0DEA900DA3FA2CF236 /* FoundationModels.framework in Frameworks */ = {isa = PBXBuildFile; fileRef = C9E7CD2C583E1D7E60A3126A /* FoundationModels.framework */; };
		D5EB544A1177511F99074F74 /* RejectedBlock.swift in Sources */ = {isa = PBXBuildFile; fileRef = 463DA699C1C0AF251F9242D9 /* RejectedBlock.swift */; };
		D6D1FFF3000672E37FB9A96A /* CameraCaptureView.swift in Sources */ = {isa = PBXBuildFile; fileRef = FB7866DE5FB6758202EA3AB1 /* CameraCaptureView.swift */; };
		D920C62968AB09FDDB9124A4 /* DocumentEntryBody.swift in Sources */ = {isa = PBXBuildFile; fileRef = DA3C21B9BBF3AC6D802175E4 /* DocumentEntryBody.swift */; };
		D95E1D3F124A19FDFFE80BF3 /* BackgroundGridView.swift in Sources */ = {isa = PBXBuildFile; fileRef = 5ACF91AFE4B56A560100046E /* BackgroundGridView.swift */; };
		D9A7E5403FE45B08C51D6DB5 /* AirPadShare.appex in Embed Foundation Extensions */ = {isa = PBXBuildFile; fileRef = 20ED1D435BF9E254D634DF37 /* AirPadShare.appex */; settings = {ATTRIBUTES = (RemoveHeadersOnCopy, ); }; };
		D9A9504C9BF0EA24F2476910 /* AIService.swift in Sources */ = {isa = PBXBuildFile; fileRef = E617FBB5C1757939CF37710B /* AIService.swift */; };
		E138DAC05805DC2211707EE9 /* HDBSCAN.swift in Sources */ = {isa = PBXBuildFile; fileRef = 64DE32F1BD5B9B909D92BB3B /* HDBSCAN.swift */; };
		E3407B345AD8EB8E5775944D /* QuikCaptureView.swift in Sources */ = {isa = PBXBuildFile; fileRef = 67DA47C9C206AAD26121CA99 /* QuikCaptureView.swift */; };
		E4343E9BFBA0EAAF7E3C9D5B /* ThreadSuggestionCard.swift in Sources */ = {isa = PBXBuildFile; fileRef = 2C18730E4FB8233EBBEBAAD7 /* ThreadSuggestionCard.swift */; };
		E4563A24FEE837F3F34E65B0 /* RenameCollectionSheet.swift in Sources */ = {isa = PBXBuildFile; fileRef = A9247083C950538B08FD4D00 /* RenameCollectionSheet.swift */; };
		E76F2F630607772910AA020A /* ModelProcessingIndicator.swift in Sources */ = {isa = PBXBuildFile; fileRef = 03E923FC9841272766621A1B /* ModelProcessingIndicator.swift */; };
		E862499ADFEA34CD14EEC082 /* SubstrateInspectView.swift in Sources */ = {isa = PBXBuildFile; fileRef = F06786CD0AD508D09A0C5570 /* SubstrateInspectView.swift */; };
		F39A0B2613577ADDA29F4230 /* HDBSCANTree.swift in Sources */ = {isa = PBXBuildFile; fileRef = 31AC6EC9380F63E183E91CFC /* HDBSCANTree.swift */; };
		F59A93CA70C8FE71BC12E118 /* NodeItemType.swift in Sources */ = {isa = PBXBuildFile; fileRef = 7ED3DACE683F20031A4F5E03 /* NodeItemType.swift */; };
		F80AAF8B81F515034F4CAE93 /* LayoutService.swift in Sources */ = {isa = PBXBuildFile; fileRef = 239B75A26B2BA53534F71428 /* LayoutService.swift */; };
		F9BF2E691950BCBE9DA2906C /* CanvasLayout.swift in Sources */ = {isa = PBXBuildFile; fileRef = 6DA455CC2574E70F9D6202E3 /* CanvasLayout.swift */; };
		FBC912B89F98C2E8F875A72A /* LinkGalleryTile.swift in Sources */ = {isa = PBXBuildFile; fileRef = 613177CF17502A7D0A1B2388 /* LinkGalleryTile.swift */; };
		FCC7997009DE3B635D382FFF /* VoiceCaptureSheet.swift in Sources */ = {isa = PBXBuildFile; fileRef = 3A238E9F8D77085D1515EA6C /* VoiceCaptureSheet.swift */; };
		FCF0EF49EFC72072CD23BFC4 /* EntryReorderController.swift in Sources */ = {isa = PBXBuildFile; fileRef = 187960A25A4BDEA3F5BABA31 /* EntryReorderController.swift */; };
		FD2F516F643CD089B6E84F12 /* ClipboardContentRouterDiagnostic.swift in Sources */ = {isa = PBXBuildFile; fileRef = ED83A2DE515939345223CDCB /* ClipboardContentRouterDiagnostic.swift */; };
/* End PBXBuildFile section */

/* Begin PBXContainerItemProxy section */
		739EC8D6156E30C3FDE6CC62 /* PBXContainerItemProxy */ = {
			isa = PBXContainerItemProxy;
			containerPortal = 88710B490536A898E4AE3E9F /* Project object */;
			proxyType = 1;
			remoteGlobalIDString = 9F144B331C91B74D76253A80;
			remoteInfo = AirPadShare;
		};
/* End PBXContainerItemProxy section */

/* Begin PBXCopyFilesBuildPhase section */
		82DDF0000866D876B8509504 /* Embed Foundation Extensions */ = {
			isa = PBXCopyFilesBuildPhase;
			buildActionMask = 2147483647;
			dstPath = "";
			dstSubfolderSpec = 13;
			files = (
				D9A7E5403FE45B08C51D6DB5 /* AirPadShare.appex in Embed Foundation Extensions */,
			);
			name = "Embed Foundation Extensions";
			runOnlyForDeploymentPostprocessing = 0;
		};
/* End PBXCopyFilesBuildPhase section */

/* Begin PBXFileReference section */
		03D5CDD92B068C0BDB141317 /* DocumentGalleryBody.swift */ = {isa = PBXFileReference; lastKnownFileType = sourcecode.swift; path = DocumentGalleryBody.swift; sourceTree = "<group>"; };
		03E923FC9841272766621A1B /* ModelProcessingIndicator.swift */ = {isa = PBXFileReference; lastKnownFileType = sourcecode.swift; path = ModelProcessingIndicator.swift; sourceTree = "<group>"; };
		04C9DF59B5CB0AF40373A81B /* DocumentExtractionService.swift */ = {isa = PBXFileReference; lastKnownFileType = sourcecode.swift; path = DocumentExtractionService.swift; sourceTree = "<group>"; };
		059B8AB893A1529A3DA1AF20 /* CanvasPlaceholderView.swift */ = {isa = PBXFileReference; lastKnownFileType = sourcecode.swift; path = CanvasPlaceholderView.swift; sourceTree = "<group>"; };
		0642041A7F8A258DF0FF065C /* QuarantineStore.swift */ = {isa = PBXFileReference; lastKnownFileType = sourcecode.swift; path = QuarantineStore.swift; sourceTree = "<group>"; };
		0B37326A27826C7715C130B6 /* SingleMediaBody.swift */ = {isa = PBXFileReference; lastKnownFileType = sourcecode.swift; path = SingleMediaBody.swift; sourceTree = "<group>"; };
		0EAE9B78BB325C211A14551B /* PhotosUI.framework */ = {isa = PBXFileReference; lastKnownFileType = wrapper.framework; name = PhotosUI.framework; path = System/Library/Frameworks/PhotosUI.framework; sourceTree = SDKROOT; };
		1004BF2AC849AC8BA745BD5D /* UberNodeService.swift */ = {isa = PBXFileReference; lastKnownFileType = sourcecode.swift; path = UberNodeService.swift; sourceTree = "<group>"; };
		1051A2630769178DF195B38B /* ImageEntryBody.swift */ = {isa = PBXFileReference; lastKnownFileType = sourcecode.swift; path = ImageEntryBody.swift; sourceTree = "<group>"; };
		14E0A70C721C874921860A43 /* HDBSCANSelfTest.swift */ = {isa = PBXFileReference; lastKnownFileType = sourcecode.swift; path = HDBSCANSelfTest.swift; sourceTree = "<group>"; };
		1652D343DDB50759748BDE8F /* CorpusPhysicsScene.swift */ = {isa = PBXFileReference; lastKnownFileType = sourcecode.swift; path = CorpusPhysicsScene.swift; sourceTree = "<group>"; };
		1866B7173FCC4A9B1AE81AF1 /* Node.swift */ = {isa = PBXFileReference; lastKnownFileType = sourcecode.swift; path = Node.swift; sourceTree = "<group>"; };
		187960A25A4BDEA3F5BABA31 /* EntryReorderController.swift */ = {isa = PBXFileReference; lastKnownFileType = sourcecode.swift; path = EntryReorderController.swift; sourceTree = "<group>"; };
		18D489F98FF9C10AE0D5F9A8 /* TagEditorSheet.swift */ = {isa = PBXFileReference; lastKnownFileType = sourcecode.swift; path = TagEditorSheet.swift; sourceTree = "<group>"; };
		194292F01A21193B880F16FA /* ContentView.swift */ = {isa = PBXFileReference; lastKnownFileType = sourcecode.swift; path = ContentView.swift; sourceTree = "<group>"; };
		1DBE8572AE138177283E2B18 /* Lato-Bold.ttf */ = {isa = PBXFileReference; lastKnownFileType = file; path = "Lato-Bold.ttf"; sourceTree = "<group>"; };
		1F0919534CCB6765FBE4D8F0 /* Fraunces_72pt-Bold.ttf */ = {isa = PBXFileReference; lastKnownFileType = file; path = "Fraunces_72pt-Bold.ttf"; sourceTree = "<group>"; };
		20ED1D435BF9E254D634DF37 /* AirPadShare.appex */ = {isa = PBXFileReference; includeInIndex = 0; lastKnownFileType = "wrapper.app-extension"; path = AirPadShare.appex; sourceTree = BUILT_PRODUCTS_DIR; };
		21B0049BD58E9FC905E20D61 /* EntryMigrationSelfTest.swift */ = {isa = PBXFileReference; lastKnownFileType = sourcecode.swift; path = EntryMigrationSelfTest.swift; sourceTree = "<group>"; };
		22331897C26EB8AA6E253BD6 /* CollectionPickerMenu.swift */ = {isa = PBXFileReference; lastKnownFileType = sourcecode.swift; path = CollectionPickerMenu.swift; sourceTree = "<group>"; };
		239B75A26B2BA53534F71428 /* LayoutService.swift */ = {isa = PBXFileReference; lastKnownFileType = sourcecode.swift; path = LayoutService.swift; sourceTree = "<group>"; };
		25D6B0FB2872A820D969CD5E /* SubstrateColoringPass.swift */ = {isa = PBXFileReference; lastKnownFileType = sourcecode.swift; path = SubstrateColoringPass.swift; sourceTree = "<group>"; };
		26DA962A10457FCFA38D1141 /* Lato-Regular.ttf */ = {isa = PBXFileReference; lastKnownFileType = file; path = "Lato-Regular.ttf"; sourceTree = "<group>"; };
		2C18730E4FB8233EBBEBAAD7 /* ThreadSuggestionCard.swift */ = {isa = PBXFileReference; lastKnownFileType = sourcecode.swift; path = ThreadSuggestionCard.swift; sourceTree = "<group>"; };
		31AC6EC9380F63E183E91CFC /* HDBSCANTree.swift */ = {isa = PBXFileReference; lastKnownFileType = sourcecode.swift; path = HDBSCANTree.swift; sourceTree = "<group>"; };
		323936C16D8B5CEB958D9E32 /* SpriteKitView.swift */ = {isa = PBXFileReference; lastKnownFileType = sourcecode.swift; path = SpriteKitView.swift; sourceTree = "<group>"; };
		3366166820015E0F584466E9 /* OGMetadataService.swift */ = {isa = PBXFileReference; lastKnownFileType = sourcecode.swift; path = OGMetadataService.swift; sourceTree = "<group>"; };
		338373B19F63427D62FB1D74 /* UMAPSGD.swift */ = {isa = PBXFileReference; lastKnownFileType = sourcecode.swift; path = UMAPSGD.swift; sourceTree = "<group>"; };
		38A3FAF363374C7CF5B97E3B /* CorpusIndex.swift */ = {isa = PBXFileReference; lastKnownFileType = sourcecode.swift; path = CorpusIndex.swift; sourceTree = "<group>"; };
		38C43874FCAA3C0E4F2A8E43 /* NeighborhoodService.swift */ = {isa = PBXFileReference; lastKnownFileType = sourcecode.swift; path = NeighborhoodService.swift; sourceTree = "<group>"; };
		39A4F2C5815649CFC465EF1F /* ClipboardContentRouter.swift */ = {isa = PBXFileReference; lastKnownFileType = sourcecode.swift; path = ClipboardContentRouter.swift; sourceTree = "<group>"; };
		39E6876F450FCAC6F6B1A9CF /* Tag.swift */ = {isa = PBXFileReference; lastKnownFileType = sourcecode.swift; path = Tag.swift; sourceTree = "<group>"; };
		3A238E9F8D77085D1515EA6C /* VoiceCaptureSheet.swift */ = {isa = PBXFileReference; lastKnownFileType = sourcecode.swift; path = VoiceCaptureSheet.swift; sourceTree = "<group>"; };
		3A582AE8DB1D9CEB0084017C /* LongPressDragRecognizer.swift */ = {isa = PBXFileReference; lastKnownFileType = sourcecode.swift; path = LongPressDragRecognizer.swift; sourceTree = "<group>"; };
		3B1822A03D5407145464AB94 /* AppRouter.swift */ = {isa = PBXFileReference; lastKnownFileType = sourcecode.swift; path = AppRouter.swift; sourceTree = "<group>"; };
		4339BD7FF5450195EDF70A95 /* Speech.framework */ = {isa = PBXFileReference; lastKnownFileType = wrapper.framework; name = Speech.framework; path = System/Library/Frameworks/Speech.framework; sourceTree = SDKROOT; };
		463DA699C1C0AF251F9242D9 /* RejectedBlock.swift */ = {isa = PBXFileReference; lastKnownFileType = sourcecode.swift; path = RejectedBlock.swift; sourceTree = "<group>"; };
		46B2E50D5AC047E8D52B2013 /* Lora-Regular.ttf */ = {isa = PBXFileReference; lastKnownFileType = file; path = "Lora-Regular.ttf"; sourceTree = "<group>"; };
		47A0CAFA204942881B2074E6 /* MediaEntryChrome.swift */ = {isa = PBXFileReference; lastKnownFileType = sourcecode.swift; path = MediaEntryChrome.swift; sourceTree = "<group>"; };
		48DBCBFAFA7298D82C3BB0FF /* FilterState.swift */ = {isa = PBXFileReference; lastKnownFileType = sourcecode.swift; path = FilterState.swift; sourceTree = "<group>"; };
		495540C7C08695DEA4B137D3 /* DocumentGalleryTile.swift */ = {isa = PBXFileReference; lastKnownFileType = sourcecode.swift; path = DocumentGalleryTile.swift; sourceTree = "<group>"; };
		496C87CE26D129958AA115EF /* EntryMigration.swift */ = {isa = PBXFileReference; lastKnownFileType = sourcecode.swift; path = EntryMigration.swift; sourceTree = "<group>"; };
		497A2D223E494E948D445DFF /* NodeGradientBackground.swift */ = {isa = PBXFileReference; lastKnownFileType = sourcecode.swift; path = NodeGradientBackground.swift; sourceTree = "<group>"; };
		4D539DCAE9FDB57420DF7460 /* NodeListView.swift */ = {isa = PBXFileReference; lastKnownFileType = sourcecode.swift; path = NodeListView.swift; sourceTree = "<group>"; };
		4E72F7C5BEAD8D357C8976F7 /* LinkEntryBody.swift */ = {isa = PBXFileReference; lastKnownFileType = sourcecode.swift; path = LinkEntryBody.swift; sourceTree = "<group>"; };
		4EAC56542567C77B0E89E836 /* UMAPRandom.swift */ = {isa = PBXFileReference; lastKnownFileType = sourcecode.swift; path = UMAPRandom.swift; sourceTree = "<group>"; };
		579FF08E333E57A78D8A5C84 /* GalleryBody.swift */ = {isa = PBXFileReference; lastKnownFileType = sourcecode.swift; path = GalleryBody.swift; sourceTree = "<group>"; };
		592EF17AD51166EAA3E577F2 /* CanvasScope.swift */ = {isa = PBXFileReference; lastKnownFileType = sourcecode.swift; path = CanvasScope.swift; sourceTree = "<group>"; };
		5A7FA11AA44164C72396196B /* SubstrateSelfTest.swift */ = {isa = PBXFileReference; lastKnownFileType = sourcecode.swift; path = SubstrateSelfTest.swift; sourceTree = "<group>"; };
		5ACF91AFE4B56A560100046E /* BackgroundGridView.swift */ = {isa = PBXFileReference; lastKnownFileType = sourcecode.swift; path = BackgroundGridView.swift; sourceTree = "<group>"; };
		5B3AEF4D4309C19AB2068A9E /* AirPadApp.swift */ = {isa = PBXFileReference; lastKnownFileType = sourcecode.swift; path = AirPadApp.swift; sourceTree = "<group>"; };
		6123D1D38AF585588EBDF3F2 /* CollectionCreationSheet.swift */ = {isa = PBXFileReference; lastKnownFileType = sourcecode.swift; path = CollectionCreationSheet.swift; sourceTree = "<group>"; };
		613177CF17502A7D0A1B2388 /* LinkGalleryTile.swift */ = {isa = PBXFileReference; lastKnownFileType = sourcecode.swift; path = LinkGalleryTile.swift; sourceTree = "<group>"; };
		6150CF6FB6E8BBB89B1C5C8F /* Security.framework */ = {isa = PBXFileReference; lastKnownFileType = wrapper.framework; name = Security.framework; path = System/Library/Frameworks/Security.framework; sourceTree = SDKROOT; };
		64DE32F1BD5B9B909D92BB3B /* HDBSCAN.swift */ = {isa = PBXFileReference; lastKnownFileType = sourcecode.swift; path = HDBSCAN.swift; sourceTree = "<group>"; };
		66610DC5B90AC2729F2B6F1D /* CanvasView.swift */ = {isa = PBXFileReference; lastKnownFileType = sourcecode.swift; path = CanvasView.swift; sourceTree = "<group>"; };
		67DA47C9C206AAD26121CA99 /* QuikCaptureView.swift */ = {isa = PBXFileReference; lastKnownFileType = sourcecode.swift; path = QuikCaptureView.swift; sourceTree = "<group>"; };
		688537782A3AA4A7F0B436F9 /* CollectionView.swift */ = {isa = PBXFileReference; lastKnownFileType = sourcecode.swift; path = CollectionView.swift; sourceTree = "<group>"; };
		68BC1C6F6322A33290F95FDE /* DocumentViewModeToggle.swift */ = {isa = PBXFileReference; lastKnownFileType = sourcecode.swift; path = DocumentViewModeToggle.swift; sourceTree = "<group>"; };
		6A83DC80F346033224EFCA60 /* ActionButtonFan.swift */ = {isa = PBXFileReference; lastKnownFileType = sourcecode.swift; path = ActionButtonFan.swift; sourceTree = "<group>"; };
		6CA2C672B173696A7DD874CF /* SubstrateCanvasLayoutAdapter.swift */ = {isa = PBXFileReference; lastKnownFileType = sourcecode.swift; path = SubstrateCanvasLayoutAdapter.swift; sourceTree = "<group>"; };
		6CC9DA2E35A6A167254A44EC /* GalleryItemTile.swift */ = {isa = PBXFileReference; lastKnownFileType = sourcecode.swift; path = GalleryItemTile.swift; sourceTree = "<group>"; };
		6DA455CC2574E70F9D6202E3 /* CanvasLayout.swift */ = {isa = PBXFileReference; lastKnownFileType = sourcecode.swift; path = CanvasLayout.swift; sourceTree = "<group>"; };
		6F9B499A6DE0C5C10644FF16 /* EntryVisualSettings.swift */ = {isa = PBXFileReference; lastKnownFileType = sourcecode.swift; path = EntryVisualSettings.swift; sourceTree = "<group>"; };
		770199F6D56D0EDB0BCA874A /* LinkViewModeToggle.swift */ = {isa = PBXFileReference; lastKnownFileType = sourcecode.swift; path = LinkViewModeToggle.swift; sourceTree = "<group>"; };
		780B6A68830590DBDA5189D1 /* StrandService.swift */ = {isa = PBXFileReference; lastKnownFileType = sourcecode.swift; path = StrandService.swift; sourceTree = "<group>"; };
		7917C14BA2EB5AE11F600CA0 /* SubstrateLayoutService.swift */ = {isa = PBXFileReference; lastKnownFileType = sourcecode.swift; path = SubstrateLayoutService.swift; sourceTree = "<group>"; };
		79694583DE4ADDFCDD62B5F6 /* SceneDelegate.swift */ = {isa = PBXFileReference; lastKnownFileType = sourcecode.swift; path = SceneDelegate.swift; sourceTree = "<group>"; };
		7ADCFC2E5FD3AD007A9DF0EE /* ShareViewController.swift */ = {isa = PBXFileReference; lastKnownFileType = sourcecode.swift; path = ShareViewController.swift; sourceTree = "<group>"; };
		7B05C305C5A28D74F771BA11 /* UMAPFuzzySet.swift */ = {isa = PBXFileReference; lastKnownFileType = sourcecode.swift; path = UMAPFuzzySet.swift; sourceTree = "<group>"; };
		7DA33E483A4D9242E12537AA /* UMAPFindAB.swift */ = {isa = PBXFileReference; lastKnownFileType = sourcecode.swift; path = UMAPFindAB.swift; sourceTree = "<group>"; };
		7E163AC58FD3A0154CA67BD2 /* EntryDeletionDiagnostic.swift */ = {isa = PBXFileReference; lastKnownFileType = sourcecode.swift; path = EntryDeletionDiagnostic.swift; sourceTree = "<group>"; };
		7ED3DACE683F20031A4F5E03 /* NodeItemType.swift */ = {isa = PBXFileReference; lastKnownFileType = sourcecode.swift; path = NodeItemType.swift; sourceTree = "<group>"; };
		7F65B5EE1F36033500EF4B74 /* AVFoundation.framework */ = {isa = PBXFileReference; lastKnownFileType = wrapper.framework; name = AVFoundation.framework; path = System/Library/Frameworks/AVFoundation.framework; sourceTree = SDKROOT; };
		801C2DAC6AF0F2DE2EB27A25 /* TextCaptureSheet.swift */ = {isa = PBXFileReference; lastKnownFileType = sourcecode.swift; path = TextCaptureSheet.swift; sourceTree = "<group>"; };
		804D3764E120F2398822E16A /* AppDelegate.swift */ = {isa = PBXFileReference; lastKnownFileType = sourcecode.swift; path = AppDelegate.swift; sourceTree = "<group>"; };
		88A13C2113DC9781B455DF42 /* PastePadView.swift */ = {isa = PBXFileReference; lastKnownFileType = sourcecode.swift; path = PastePadView.swift; sourceTree = "<group>"; };
		88ABC9EFFF4787FFDF05A2CB /* DashboardView.swift */ = {isa = PBXFileReference; lastKnownFileType = sourcecode.swift; path = DashboardView.swift; sourceTree = "<group>"; };
		894DD6E70D91D9E9B00246B9 /* MediaPickerWrapper.swift */ = {isa = PBXFileReference; lastKnownFileType = sourcecode.swift; path = MediaPickerWrapper.swift; sourceTree = "<group>"; };
		8B88D3F84112712169492D89 /* DocumentQuickLookViewer.swift */ = {isa = PBXFileReference; lastKnownFileType = sourcecode.swift; path = DocumentQuickLookViewer.swift; sourceTree = "<group>"; };
		8BDD458C42AD717CBB2269BE /* ReviewQueueSheet.swift */ = {isa = PBXFileReference; lastKnownFileType = sourcecode.swift; path = ReviewQueueSheet.swift; sourceTree = "<group>"; };
		8BF1D622AE4FE341F4039341 /* LinkAppendSheet.swift */ = {isa = PBXFileReference; lastKnownFileType = sourcecode.swift; path = LinkAppendSheet.swift; sourceTree = "<group>"; };
		8E4F251A686080806C62E071 /* NodeItem.swift */ = {isa = PBXFileReference; lastKnownFileType = sourcecode.swift; path = NodeItem.swift; sourceTree = "<group>"; };
		8EA8C82636A7D9E2E115A203 /* AVKit.framework */ = {isa = PBXFileReference; lastKnownFileType = wrapper.framework; name = AVKit.framework; path = System/Library/Frameworks/AVKit.framework; sourceTree = SDKROOT; };
		8EC521B24C7F8F9283E16AF2 /* Assets.xcassets */ = {isa = PBXFileReference; lastKnownFileType = folder.assetcatalog; path = Assets.xcassets; sourceTree = "<group>"; };
		909B3DB690784E89652659ED /* Collection.swift */ = {isa = PBXFileReference; lastKnownFileType = sourcecode.swift; path = Collection.swift; sourceTree = "<group>"; };
		90A621BCC5001A67C9B05A19 /* TextEntryBody.swift */ = {isa = PBXFileReference; lastKnownFileType = sourcecode.swift; path = TextEntryBody.swift; sourceTree = "<group>"; };
		92F8312336CC2A7C1C2763EF /* SelectionService.swift */ = {isa = PBXFileReference; lastKnownFileType = sourcecode.swift; path = SelectionService.swift; sourceTree = "<group>"; };
		9348EE6BAC36DA4236BB5780 /* CanvasState.swift */ = {isa = PBXFileReference; lastKnownFileType = sourcecode.swift; path = CanvasState.swift; sourceTree = "<group>"; };
		9640DF6602CDCA4B2689C33C /* AutoScrollDriver.swift */ = {isa = PBXFileReference; lastKnownFileType = sourcecode.swift; path = AutoScrollDriver.swift; sourceTree = "<group>"; };
		988F66299DD79745A824B3A0 /* RelatednessService.swift */ = {isa = PBXFileReference; lastKnownFileType = sourcecode.swift; path = RelatednessService.swift; sourceTree = "<group>"; };
		9AA8521DD3D6E9D3A98EF6EB /* TodayCardView.swift */ = {isa = PBXFileReference; lastKnownFileType = sourcecode.swift; path = TodayCardView.swift; sourceTree = "<group>"; };
		9D21AB3DEE91993C6F039833 /* AirPad.app */ = {isa = PBXFileReference; includeInIndex = 0; lastKnownFileType = wrapper.application; path = AirPad.app; sourceTree = BUILT_PRODUCTS_DIR; };
		9D28079BFC7E139E6C4C8D65 /* Fraunces_72pt-Regular.ttf */ = {isa = PBXFileReference; lastKnownFileType = file; path = "Fraunces_72pt-Regular.ttf"; sourceTree = "<group>"; };
		A1213E716A9E302D0B777EDD /* EntryCard.swift */ = {isa = PBXFileReference; lastKnownFileType = sourcecode.swift; path = EntryCard.swift; sourceTree = "<group>"; };
		A486E02334E4E4056C81AA71 /* CorpusQuerySheet.swift */ = {isa = PBXFileReference; lastKnownFileType = sourcecode.swift; path = CorpusQuerySheet.swift; sourceTree = "<group>"; };
		A9247083C950538B08FD4D00 /* RenameCollectionSheet.swift */ = {isa = PBXFileReference; lastKnownFileType = sourcecode.swift; path = RenameCollectionSheet.swift; sourceTree = "<group>"; };
		AA69D329E4CBB77BDB1B9345 /* SubstrateService.swift */ = {isa = PBXFileReference; lastKnownFileType = sourcecode.swift; path = SubstrateService.swift; sourceTree = "<group>"; };
		ACE4CFCC06057A8055A511FC /* BackgroundGridNode.swift */ = {isa = PBXFileReference; lastKnownFileType = sourcecode.swift; path = BackgroundGridNode.swift; sourceTree = "<group>"; };
		ADDA79A05C807120913FCE5F /* CorpusStore.swift */ = {isa = PBXFileReference; lastKnownFileType = sourcecode.swift; path = CorpusStore.swift; sourceTree = "<group>"; };
		AE402981E931009EBB3F93EE /* Neighborhood.swift */ = {isa = PBXFileReference; lastKnownFileType = sourcecode.swift; path = Neighborhood.swift; sourceTree = "<group>"; };
		B01CAFC639E0B10C51EF1BE3 /* ThreadService.swift */ = {isa = PBXFileReference; lastKnownFileType = sourcecode.swift; path = ThreadService.swift; sourceTree = "<group>"; };
		B0CF42774C1F05903A2DF361 /* NodePickerSheet.swift */ = {isa = PBXFileReference; lastKnownFileType = sourcecode.swift; path = NodePickerSheet.swift; sourceTree = "<group>"; };
		B19E6C6B18DBABD6FD558BD7 /* GhostQueryField.swift */ = {isa = PBXFileReference; lastKnownFileType = sourcecode.swift; path = GhostQueryField.swift; sourceTree = "<group>"; };
		B53FC4639F271D87E7E8A7A1 /* iCloudDriveService.swift */ = {isa = PBXFileReference; lastKnownFileType = sourcecode.swift; path = iCloudDriveService.swift; sourceTree = "<group>"; };
		B65719255B960A7B6876EC2A /* CardBlurTest.swift */ = {isa = PBXFileReference; lastKnownFileType = sourcecode.swift; path = CardBlurTest.swift; sourceTree = "<group>"; };
		BB4E63F786821E7025A5C3A0 /* MediaFullscreenViewer.swift */ = {isa = PBXFileReference; lastKnownFileType = sourcecode.swift; path = MediaFullscreenViewer.swift; sourceTree = "<group>"; };
		BBA68756B325BB81B3EDBA12 /* OGPreviewView.swift */ = {isa = PBXFileReference; lastKnownFileType = sourcecode.swift; path = OGPreviewView.swift; sourceTree = "<group>"; };
		BE499E529F1B439D3EDD8816 /* UMAPGraph.swift */ = {isa = PBXFileReference; lastKnownFileType = sourcecode.swift; path = UMAPGraph.swift; sourceTree = "<group>"; };
		C3FFA73288300E8E7B5FBA46 /* FeatureFlags.swift */ = {isa = PBXFileReference; lastKnownFileType = sourcecode.swift; path = FeatureFlags.swift; sourceTree = "<group>"; };
		C6CE4B33C6F4682BF9799EC2 /* SpriteKit.framework */ = {isa = PBXFileReference; lastKnownFileType = wrapper.framework; name = SpriteKit.framework; path = System/Library/Frameworks/SpriteKit.framework; sourceTree = SDKROOT; };
		C729D9028EBF447A0241ABFD /* KeychainHelper.swift */ = {isa = PBXFileReference; lastKnownFileType = sourcecode.swift; path = KeychainHelper.swift; sourceTree = "<group>"; };
		C8376D171BB956C6EA17E5F9 /* CaptureIntent.swift */ = {isa = PBXFileReference; lastKnownFileType = sourcecode.swift; path = CaptureIntent.swift; sourceTree = "<group>"; };
		C9E7CD2C583E1D7E60A3126A /* FoundationModels.framework */ = {isa = PBXFileReference; lastKnownFileType = wrapper.framework; name = FoundationModels.framework; path = System/Library/Frameworks/FoundationModels.framework; sourceTree = SDKROOT; };
		CB4204EBBDB6AEFAC59BB313 /* SubstrateCoord2D.swift */ = {isa = PBXFileReference; lastKnownFileType = sourcecode.swift; path = SubstrateCoord2D.swift; sourceTree = "<group>"; };
		CB9627DA5A37E1126FD4446D /* QuarantineReviewSheet.swift */ = {isa = PBXFileReference; lastKnownFileType = sourcecode.swift; path = QuarantineReviewSheet.swift; sourceTree = "<group>"; };
		CBFC67AB61C6EF9AE8FAEA9E /* UMAPTransform.swift */ = {isa = PBXFileReference; lastKnownFileType = sourcecode.swift; path = UMAPTransform.swift; sourceTree = "<group>"; };
		D06AD49C19B1632AA4F8E29C /* DocumentPickerView.swift */ = {isa = PBXFileReference; lastKnownFileType = sourcecode.swift; path = DocumentPickerView.swift; sourceTree = "<group>"; };
		D414766388E3034250D0E1AE /* Lora-Bold.ttf */ = {isa = PBXFileReference; lastKnownFileType = file; path = "Lora-Bold.ttf"; sourceTree = "<group>"; };
		D44A25A6703788139F657ECD /* GalleryFullscreenViewer.swift */ = {isa = PBXFileReference; lastKnownFileType = sourcecode.swift; path = GalleryFullscreenViewer.swift; sourceTree = "<group>"; };
		D513DE977AA6A0B607CE5508 /* HDBSCANCluster.swift */ = {isa = PBXFileReference; lastKnownFileType = sourcecode.swift; path = HDBSCANCluster.swift; sourceTree = "<group>"; };
		D685E8AE8B6D8F7C0D614C65 /* UMAP.swift */ = {isa = PBXFileReference; lastKnownFileType = sourcecode.swift; path = UMAP.swift; sourceTree = "<group>"; };
		D78B727835739390B86DF397 /* UMAPModel.swift */ = {isa = PBXFileReference; lastKnownFileType = sourcecode.swift; path = UMAPModel.swift; sourceTree = "<group>"; };
		D80918E8E0CCC9ECFE36A664 /* UMAPSelfTest.swift */ = {isa = PBXFileReference; lastKnownFileType = sourcecode.swift; path = UMAPSelfTest.swift; sourceTree = "<group>"; };
		DA3C21B9BBF3AC6D802175E4 /* DocumentEntryBody.swift */ = {isa = PBXFileReference; lastKnownFileType = sourcecode.swift; path = DocumentEntryBody.swift; sourceTree = "<group>"; };
		DB97C8C89A4E56E95903000D /* BentoLayout.swift */ = {isa = PBXFileReference; lastKnownFileType = sourcecode.swift; path = BentoLayout.swift; sourceTree = "<group>"; };
		DD4733E2421E070A68925125 /* BatchParser.swift */ = {isa = PBXFileReference; lastKnownFileType = sourcecode.swift; path = BatchParser.swift; sourceTree = "<group>"; };
		DD83A4DC76F83C28E144AA6D /* HDBSCANLinkage.swift */ = {isa = PBXFileReference; lastKnownFileType = sourcecode.swift; path = HDBSCANLinkage.swift; sourceTree = "<group>"; };
		DEE52A59E0B190ECA764DE9A /* MediaThumbnailLoader.swift */ = {isa = PBXFileReference; lastKnownFileType = sourcecode.swift; path = MediaThumbnailLoader.swift; sourceTree = "<group>"; };
		DF61433D19DB8098D7096F3D /* VideoEntryBody.swift */ = {isa = PBXFileReference; lastKnownFileType = sourcecode.swift; path = VideoEntryBody.swift; sourceTree = "<group>"; };
		E0B45CEB1C0E9FEB4B20A4F4 /* CanvasChrome.swift */ = {isa = PBXFileReference; lastKnownFileType = sourcecode.swift; path = CanvasChrome.swift; sourceTree = "<group>"; };
		E1CA7EBB8E00D6EB0B60EBCE /* KeyboardDismissModifier.swift */ = {isa = PBXFileReference; lastKnownFileType = sourcecode.swift; path = KeyboardDismissModifier.swift; sourceTree = "<group>"; };
		E2EFF0C3EADAB643BFED4C8F /* LinkGalleryBody.swift */ = {isa = PBXFileReference; lastKnownFileType = sourcecode.swift; path = LinkGalleryBody.swift; sourceTree = "<group>"; };
		E3F9189D5677C65F12E2D47F /* NodeDetailView.swift */ = {isa = PBXFileReference; lastKnownFileType = sourcecode.swift; path = NodeDetailView.swift; sourceTree = "<group>"; };
		E617FBB5C1757939CF37710B /* AIService.swift */ = {isa = PBXFileReference; lastKnownFileType = sourcecode.swift; path = AIService.swift; sourceTree = "<group>"; };
		E6F0064A274D4E43585A9E88 /* SubstrateRelaxationPass.swift */ = {isa = PBXFileReference; lastKnownFileType = sourcecode.swift; path = SubstrateRelaxationPass.swift; sourceTree = "<group>"; };
		EB1C4F8AC8EFA42414AB9073 /* VoiceEntryBody.swift */ = {isa = PBXFileReference; lastKnownFileType = sourcecode.swift; path = VoiceEntryBody.swift; sourceTree = "<group>"; };
		EC0FDB237F677A326AE033DF /* CanvasSlideOutMenu.swift */ = {isa = PBXFileReference; lastKnownFileType = sourcecode.swift; path = CanvasSlideOutMenu.swift; sourceTree = "<group>"; };
		ECACE148A0B50511A83212FE /* EntryVisualDevPanel.swift */ = {isa = PBXFileReference; lastKnownFileType = sourcecode.swift; path = EntryVisualDevPanel.swift; sourceTree = "<group>"; };
		ED287727ED25FF9291551213 /* HDBSCANReachability.swift */ = {isa = PBXFileReference; lastKnownFileType = sourcecode.swift; path = HDBSCANReachability.swift; sourceTree = "<group>"; };
		ED83A2DE515939345223CDCB /* ClipboardContentRouterDiagnostic.swift */ = {isa = PBXFileReference; lastKnownFileType = sourcecode.swift; path = ClipboardContentRouterDiagnostic.swift; sourceTree = "<group>"; };
		F009B8D59EF84BA40BB5B4A6 /* EmptyStateOverlay.swift */ = {isa = PBXFileReference; lastKnownFileType = sourcecode.swift; path = EmptyStateOverlay.swift; sourceTree = "<group>"; };
		F017F0A0FBF6A049612B0607 /* ViewModeToggle.swift */ = {isa = PBXFileReference; lastKnownFileType = sourcecode.swift; path = ViewModeToggle.swift; sourceTree = "<group>"; };
		F06786CD0AD508D09A0C5570 /* SubstrateInspectView.swift */ = {isa = PBXFileReference; lastKnownFileType = sourcecode.swift; path = SubstrateInspectView.swift; sourceTree = "<group>"; };
		F103085E0B3E0A4D0FAF79EC /* TagPickerMenu.swift */ = {isa = PBXFileReference; lastKnownFileType = sourcecode.swift; path = TagPickerMenu.swift; sourceTree = "<group>"; };
		F135F708282671E607C7C84B /* RichTextEditor.swift */ = {isa = PBXFileReference; lastKnownFileType = sourcecode.swift; path = RichTextEditor.swift; sourceTree = "<group>"; };
		F20C72F362ADBFA6890FA798 /* ImportIdeasSheet.swift */ = {isa = PBXFileReference; lastKnownFileType = sourcecode.swift; path = ImportIdeasSheet.swift; sourceTree = "<group>"; };
		F6A18AD80C0FCB6B5E928844 /* TagCreationSheet.swift */ = {isa = PBXFileReference; lastKnownFileType = sourcecode.swift; path = TagCreationSheet.swift; sourceTree = "<group>"; };
		F7814673E5A10B9F5E391DA4 /* SettingsView.swift */ = {isa = PBXFileReference; lastKnownFileType = sourcecode.swift; path = SettingsView.swift; sourceTree = "<group>"; };
		F98C5EDB7B8428ABB080668F /* UberNode.swift */ = {isa = PBXFileReference; lastKnownFileType = sourcecode.swift; path = UberNode.swift; sourceTree = "<group>"; };
		FB7866DE5FB6758202EA3AB1 /* CameraCaptureView.swift */ = {isa = PBXFileReference; lastKnownFileType = sourcecode.swift; path = CameraCaptureView.swift; sourceTree = "<group>"; };
		FC68B6E4E41E80E237C8FFBA /* LinkSnapshotService.swift */ = {isa = PBXFileReference; lastKnownFileType = sourcecode.swift; path = LinkSnapshotService.swift; sourceTree = "<group>"; };
		FD659A40CE161F15D371C285 /* NodeCardView.swift */ = {isa = PBXFileReference; lastKnownFileType = sourcecode.swift; path = NodeCardView.swift; sourceTree = "<group>"; };
/* End PBXFileReference section */

/* Begin PBXFrameworksBuildPhase section */
		E5CCE4B7D4E3DC05629BA7C9 /* Frameworks */ = {
			isa = PBXFrameworksBuildPhase;
			buildActionMask = 2147483647;
			files = (
				C0EF62B446B52D9A7AFF602F /* SpriteKit.framework in Frameworks */,
				B35E3505455954169FCEDDDB /* AVFoundation.framework in Frameworks */,
				CA5580BF3FA789B9EF9D906C /* Speech.framework in Frameworks */,
				D5709E0DEA900DA3FA2CF236 /* FoundationModels.framework in Frameworks */,
				6DA9E5E14E071618E0AEB602 /* PhotosUI.framework in Frameworks */,
				0888BEFE345DC3469F36CC46 /* AVKit.framework in Frameworks */,
				477F08FD09F9D4C6A9418BB6 /* Security.framework in Frameworks */,
			);
			runOnlyForDeploymentPostprocessing = 0;
		};
/* End PBXFrameworksBuildPhase section */

/* Begin PBXGroup section */
		01B3209F32045005E03F39C8 /* Tags */ = {
			isa = PBXGroup;
			children = (
				F6A18AD80C0FCB6B5E928844 /* TagCreationSheet.swift */,
				F103085E0B3E0A4D0FAF79EC /* TagPickerMenu.swift */,
			);
			path = Tags;
			sourceTree = "<group>";
		};
		02CD8265A48566F6C2102D90 /* Resources */ = {
			isa = PBXGroup;
			children = (
				DCD1F1D8FB8E5BD9A579A960 /* Fonts */,
			);
			path = Resources;
			sourceTree = "<group>";
		};
		1098DD62B5B4D5B3A78424EB /* Canvas */ = {
			isa = PBXGroup;
			children = (
				ACE4CFCC06057A8055A511FC /* BackgroundGridNode.swift */,
				E0B45CEB1C0E9FEB4B20A4F4 /* CanvasChrome.swift */,
				EC0FDB237F677A326AE033DF /* CanvasSlideOutMenu.swift */,
				9348EE6BAC36DA4236BB5780 /* CanvasState.swift */,
				66610DC5B90AC2729F2B6F1D /* CanvasView.swift */,
				1652D343DDB50759748BDE8F /* CorpusPhysicsScene.swift */,
				F009B8D59EF84BA40BB5B4A6 /* EmptyStateOverlay.swift */,
				03E923FC9841272766621A1B /* ModelProcessingIndicator.swift */,
				323936C16D8B5CEB958D9E32 /* SpriteKitView.swift */,
			);
			path = Canvas;
			sourceTree = "<group>";
		};
		2B9615A52E1C8DCD63462128 /* Settings */ = {
			isa = PBXGroup;
			children = (
				F20C72F362ADBFA6890FA798 /* ImportIdeasSheet.swift */,
				8BDD458C42AD717CBB2269BE /* ReviewQueueSheet.swift */,
				F7814673E5A10B9F5E391DA4 /* SettingsView.swift */,
				F06786CD0AD508D09A0C5570 /* SubstrateInspectView.swift */,
				18D489F98FF9C10AE0D5F9A8 /* TagEditorSheet.swift */,
			);
			path = Settings;
			sourceTree = "<group>";
		};
		3227935C1477D723C015BBFB /* Services */ = {
			isa = PBXGroup;
			children = (
				7A44945C77B8E8010F9421AC /* HDBSCAN */,
				78757359D9135582165FEA36 /* UMAP */,
				E617FBB5C1757939CF37710B /* AIService.swift */,
				39A4F2C5815649CFC465EF1F /* ClipboardContentRouter.swift */,
				04C9DF59B5CB0AF40373A81B /* DocumentExtractionService.swift */,
				B53FC4639F271D87E7E8A7A1 /* iCloudDriveService.swift */,
				C729D9028EBF447A0241ABFD /* KeychainHelper.swift */,
				239B75A26B2BA53534F71428 /* LayoutService.swift */,
				FC68B6E4E41E80E237C8FFBA /* LinkSnapshotService.swift */,
				38C43874FCAA3C0E4F2A8E43 /* NeighborhoodService.swift */,
				3366166820015E0F584466E9 /* OGMetadataService.swift */,
				988F66299DD79745A824B3A0 /* RelatednessService.swift */,
				92F8312336CC2A7C1C2763EF /* SelectionService.swift */,
				780B6A68830590DBDA5189D1 /* StrandService.swift */,
				6CA2C672B173696A7DD874CF /* SubstrateCanvasLayoutAdapter.swift */,
				25D6B0FB2872A820D969CD5E /* SubstrateColoringPass.swift */,
				7917C14BA2EB5AE11F600CA0 /* SubstrateLayoutService.swift */,
				E6F0064A274D4E43585A9E88 /* SubstrateRelaxationPass.swift */,
				5A7FA11AA44164C72396196B /* SubstrateSelfTest.swift */,
				AA69D329E4CBB77BDB1B9345 /* SubstrateService.swift */,
				B01CAFC639E0B10C51EF1BE3 /* ThreadService.swift */,
				1004BF2AC849AC8BA745BD5D /* UberNodeService.swift */,
			);
			path = Services;
			sourceTree = "<group>";
		};
		37218568793A17FDE4D48112 /* Collections */ = {
			isa = PBXGroup;
			children = (
				22331897C26EB8AA6E253BD6 /* CollectionPickerMenu.swift */,
				A9247083C950538B08FD4D00 /* RenameCollectionSheet.swift */,
			);
			path = Collections;
			sourceTree = "<group>";
		};
		42000A952BB227D442A86185 /* Lato */ = {
			isa = PBXGroup;
			children = (
				1DBE8572AE138177283E2B18 /* Lato-Bold.ttf */,
				26DA962A10457FCFA38D1141 /* Lato-Regular.ttf */,
			);
			path = Lato;
			sourceTree = "<group>";
		};
		4457977889C2B78493EC5AD7 /* Detail */ = {
			isa = PBXGroup;
			children = (
				BC83C0C59C50DAD4C160BC1C /* Entry */,
				9640DF6602CDCA4B2689C33C /* AutoScrollDriver.swift */,
				187960A25A4BDEA3F5BABA31 /* EntryReorderController.swift */,
				3A582AE8DB1D9CEB0084017C /* LongPressDragRecognizer.swift */,
				E3F9189D5677C65F12E2D47F /* NodeDetailView.swift */,
				88A13C2113DC9781B455DF42 /* PastePadView.swift */,
			);
			path = Detail;
			sourceTree = "<group>";
		};
		60660408D5EEF211EB72BA7D /* Capture */ = {
			isa = PBXGroup;
			children = (
				6A83DC80F346033224EFCA60 /* ActionButtonFan.swift */,
				6123D1D38AF585588EBDF3F2 /* CollectionCreationSheet.swift */,
				B0CF42774C1F05903A2DF361 /* NodePickerSheet.swift */,
				67DA47C9C206AAD26121CA99 /* QuikCaptureView.swift */,
				3A238E9F8D77085D1515EA6C /* VoiceCaptureSheet.swift */,
			);
			path = Capture;
			sourceTree = "<group>";
		};
		606CFA4703585800983C4127 /* Views */ = {
			isa = PBXGroup;
			children = (
				E1C39505C0E8DDE7019D8F77 /* Camera */,
				1098DD62B5B4D5B3A78424EB /* Canvas */,
				60660408D5EEF211EB72BA7D /* Capture */,
				37218568793A17FDE4D48112 /* Collections */,
				A1059810ABACBA240F7761FF /* Dashboard */,
				4457977889C2B78493EC5AD7 /* Detail */,
				E2DA2EA8F4AA00E1FCC24AFC /* List */,
				2B9615A52E1C8DCD63462128 /* Settings */,
				DF9CD6E4FF1185B7CEF053EE /* Shared */,
				01B3209F32045005E03F39C8 /* Tags */,
				CF874724BE8A2033D58ADCC8 /* Threads */,
				059B8AB893A1529A3DA1AF20 /* CanvasPlaceholderView.swift */,
				801C2DAC6AF0F2DE2EB27A25 /* TextCaptureSheet.swift */,
			);
			path = Views;
			sourceTree = "<group>";
		};
		6876C92BB6761BB9D3907C40 /* Frameworks */ = {
			isa = PBXGroup;
			children = (
				7F65B5EE1F36033500EF4B74 /* AVFoundation.framework */,
				8EA8C82636A7D9E2E115A203 /* AVKit.framework */,
				C9E7CD2C583E1D7E60A3126A /* FoundationModels.framework */,
				0EAE9B78BB325C211A14551B /* PhotosUI.framework */,
				6150CF6FB6E8BBB89B1C5C8F /* Security.framework */,
				4339BD7FF5450195EDF70A95 /* Speech.framework */,
				C6CE4B33C6F4682BF9799EC2 /* SpriteKit.framework */,
			);
			name = Frameworks;
			sourceTree = "<group>";
		};
		772C30E361C97B9515651400 = {
			isa = PBXGroup;
			children = (
				A055D36542F89044D66F6B90 /* AirPad */,
				FDEDADDFC6788C80B33AEE44 /* AirPadShare */,
				6876C92BB6761BB9D3907C40 /* Frameworks */,
				95C31440F925CC38D4918A3D /* Products */,
			);
			sourceTree = "<group>";
		};
		78757359D9135582165FEA36 /* UMAP */ = {
			isa = PBXGroup;
			children = (
				D685E8AE8B6D8F7C0D614C65 /* UMAP.swift */,
				7DA33E483A4D9242E12537AA /* UMAPFindAB.swift */,
				7B05C305C5A28D74F771BA11 /* UMAPFuzzySet.swift */,
				BE499E529F1B439D3EDD8816 /* UMAPGraph.swift */,
				D78B727835739390B86DF397 /* UMAPModel.swift */,
				4EAC56542567C77B0E89E836 /* UMAPRandom.swift */,
				D80918E8E0CCC9ECFE36A664 /* UMAPSelfTest.swift */,
				338373B19F63427D62FB1D74 /* UMAPSGD.swift */,
				CBFC67AB61C6EF9AE8FAEA9E /* UMAPTransform.swift */,
			);
			path = UMAP;
			sourceTree = "<group>";
		};
		7A44945C77B8E8010F9421AC /* HDBSCAN */ = {
			isa = PBXGroup;
			children = (
				64DE32F1BD5B9B909D92BB3B /* HDBSCAN.swift */,
				D513DE977AA6A0B607CE5508 /* HDBSCANCluster.swift */,
				DD83A4DC76F83C28E144AA6D /* HDBSCANLinkage.swift */,
				ED287727ED25FF9291551213 /* HDBSCANReachability.swift */,
				14E0A70C721C874921860A43 /* HDBSCANSelfTest.swift */,
				31AC6EC9380F63E183E91CFC /* HDBSCANTree.swift */,
			);
			path = HDBSCAN;
			sourceTree = "<group>";
		};
		84008F6D3FD02352A4C35D02 /* Models */ = {
			isa = PBXGroup;
			children = (
				DD4733E2421E070A68925125 /* BatchParser.swift */,
				6DA455CC2574E70F9D6202E3 /* CanvasLayout.swift */,
				592EF17AD51166EAA3E577F2 /* CanvasScope.swift */,
				ED83A2DE515939345223CDCB /* ClipboardContentRouterDiagnostic.swift */,
				909B3DB690784E89652659ED /* Collection.swift */,
				38A3FAF363374C7CF5B97E3B /* CorpusIndex.swift */,
				7E163AC58FD3A0154CA67BD2 /* EntryDeletionDiagnostic.swift */,
				496C87CE26D129958AA115EF /* EntryMigration.swift */,
				21B0049BD58E9FC905E20D61 /* EntryMigrationSelfTest.swift */,
				AE402981E931009EBB3F93EE /* Neighborhood.swift */,
				1866B7173FCC4A9B1AE81AF1 /* Node.swift */,
				8E4F251A686080806C62E071 /* NodeItem.swift */,
				7ED3DACE683F20031A4F5E03 /* NodeItemType.swift */,
				463DA699C1C0AF251F9242D9 /* RejectedBlock.swift */,
				CB4204EBBDB6AEFAC59BB313 /* SubstrateCoord2D.swift */,
				39E6876F450FCAC6F6B1A9CF /* Tag.swift */,
				F98C5EDB7B8428ABB080668F /* UberNode.swift */,
			);
			path = Models;
			sourceTree = "<group>";
		};
		9515265A45A3D3B7B626E916 /* Store */ = {
			isa = PBXGroup;
			children = (
				ADDA79A05C807120913FCE5F /* CorpusStore.swift */,
				C3FFA73288300E8E7B5FBA46 /* FeatureFlags.swift */,
				48DBCBFAFA7298D82C3BB0FF /* FilterState.swift */,
				0642041A7F8A258DF0FF065C /* QuarantineStore.swift */,
			);
			path = Store;
			sourceTree = "<group>";
		};
		95C31440F925CC38D4918A3D /* Products */ = {
			isa = PBXGroup;
			children = (
				9D21AB3DEE91993C6F039833 /* AirPad.app */,
				20ED1D435BF9E254D634DF37 /* AirPadShare.appex */,
			);
			name = Products;
			sourceTree = "<group>";
		};
		A055D36542F89044D66F6B90 /* AirPad */ = {
			isa = PBXGroup;
			children = (
				A2912D6657F7FC39ADEE0543 /* App */,
				FDFA9E66B2F9280B7A074F62 /* Intents */,
				84008F6D3FD02352A4C35D02 /* Models */,
				02CD8265A48566F6C2102D90 /* Resources */,
				3227935C1477D723C015BBFB /* Services */,
				9515265A45A3D3B7B626E916 /* Store */,
				606CFA4703585800983C4127 /* Views */,
				8EC521B24C7F8F9283E16AF2 /* Assets.xcassets */,
			);
			path = AirPad;
			sourceTree = "<group>";
		};
		A1059810ABACBA240F7761FF /* Dashboard */ = {
			isa = PBXGroup;
			children = (
				688537782A3AA4A7F0B436F9 /* CollectionView.swift */,
				88ABC9EFFF4787FFDF05A2CB /* DashboardView.swift */,
				9AA8521DD3D6E9D3A98EF6EB /* TodayCardView.swift */,
			);
			path = Dashboard;
			sourceTree = "<group>";
		};
		A2912D6657F7FC39ADEE0543 /* App */ = {
			isa = PBXGroup;
			children = (
				5B3AEF4D4309C19AB2068A9E /* AirPadApp.swift */,
				804D3764E120F2398822E16A /* AppDelegate.swift */,
				3B1822A03D5407145464AB94 /* AppRouter.swift */,
				194292F01A21193B880F16FA /* ContentView.swift */,
				79694583DE4ADDFCDD62B5F6 /* SceneDelegate.swift */,
			);
			path = App;
			sourceTree = "<group>";
		};
		BC83C0C59C50DAD4C160BC1C /* Entry */ = {
			isa = PBXGroup;
			children = (
				DB97C8C89A4E56E95903000D /* BentoLayout.swift */,
				DA3C21B9BBF3AC6D802175E4 /* DocumentEntryBody.swift */,
				03D5CDD92B068C0BDB141317 /* DocumentGalleryBody.swift */,
				495540C7C08695DEA4B137D3 /* DocumentGalleryTile.swift */,
				D06AD49C19B1632AA4F8E29C /* DocumentPickerView.swift */,
				8B88D3F84112712169492D89 /* DocumentQuickLookViewer.swift */,
				68BC1C6F6322A33290F95FDE /* DocumentViewModeToggle.swift */,
				A1213E716A9E302D0B777EDD /* EntryCard.swift */,
				ECACE148A0B50511A83212FE /* EntryVisualDevPanel.swift */,
				6F9B499A6DE0C5C10644FF16 /* EntryVisualSettings.swift */,
				579FF08E333E57A78D8A5C84 /* GalleryBody.swift */,
				D44A25A6703788139F657ECD /* GalleryFullscreenViewer.swift */,
				6CC9DA2E35A6A167254A44EC /* GalleryItemTile.swift */,
				1051A2630769178DF195B38B /* ImageEntryBody.swift */,
				8BF1D622AE4FE341F4039341 /* LinkAppendSheet.swift */,
				4E72F7C5BEAD8D357C8976F7 /* LinkEntryBody.swift */,
				E2EFF0C3EADAB643BFED4C8F /* LinkGalleryBody.swift */,
				613177CF17502A7D0A1B2388 /* LinkGalleryTile.swift */,
				770199F6D56D0EDB0BCA874A /* LinkViewModeToggle.swift */,
				47A0CAFA204942881B2074E6 /* MediaEntryChrome.swift */,
				BB4E63F786821E7025A5C3A0 /* MediaFullscreenViewer.swift */,
				DEE52A59E0B190ECA764DE9A /* MediaThumbnailLoader.swift */,
				0B37326A27826C7715C130B6 /* SingleMediaBody.swift */,
				90A621BCC5001A67C9B05A19 /* TextEntryBody.swift */,
				DF61433D19DB8098D7096F3D /* VideoEntryBody.swift */,
				F017F0A0FBF6A049612B0607 /* ViewModeToggle.swift */,
				EB1C4F8AC8EFA42414AB9073 /* VoiceEntryBody.swift */,
			);
			path = Entry;
			sourceTree = "<group>";
		};
		CF874724BE8A2033D58ADCC8 /* Threads */ = {
			isa = PBXGroup;
			children = (
				2C18730E4FB8233EBBEBAAD7 /* ThreadSuggestionCard.swift */,
			);
			path = Threads;
			sourceTree = "<group>";
		};
		DCD1F1D8FB8E5BD9A579A960 /* Fonts */ = {
			isa = PBXGroup;
			children = (
				EA56C88DDDD26B62600320F5 /* Fraunces */,
				42000A952BB227D442A86185 /* Lato */,
				F3DC304BB1B0CB1D516B5C34 /* Lora */,
			);
			path = Fonts;
			sourceTree = "<group>";
		};
		DF9CD6E4FF1185B7CEF053EE /* Shared */ = {
			isa = PBXGroup;
			children = (
				5ACF91AFE4B56A560100046E /* BackgroundGridView.swift */,
				A486E02334E4E4056C81AA71 /* CorpusQuerySheet.swift */,
				B19E6C6B18DBABD6FD558BD7 /* GhostQueryField.swift */,
				E1CA7EBB8E00D6EB0B60EBCE /* KeyboardDismissModifier.swift */,
				497A2D223E494E948D445DFF /* NodeGradientBackground.swift */,
				BBA68756B325BB81B3EDBA12 /* OGPreviewView.swift */,
				CB9627DA5A37E1126FD4446D /* QuarantineReviewSheet.swift */,
				F135F708282671E607C7C84B /* RichTextEditor.swift */,
			);
			path = Shared;
			sourceTree = "<group>";
		};
		E1C39505C0E8DDE7019D8F77 /* Camera */ = {
			isa = PBXGroup;
			children = (
				FB7866DE5FB6758202EA3AB1 /* CameraCaptureView.swift */,
				894DD6E70D91D9E9B00246B9 /* MediaPickerWrapper.swift */,
			);
			path = Camera;
			sourceTree = "<group>";
		};
		E2DA2EA8F4AA00E1FCC24AFC /* List */ = {
			isa = PBXGroup;
			children = (
				B65719255B960A7B6876EC2A /* CardBlurTest.swift */,
				FD659A40CE161F15D371C285 /* NodeCardView.swift */,
				4D539DCAE9FDB57420DF7460 /* NodeListView.swift */,
			);
			path = List;
			sourceTree = "<group>";
		};
		EA56C88DDDD26B62600320F5 /* Fraunces */ = {
			isa = PBXGroup;
			children = (
				1F0919534CCB6765FBE4D8F0 /* Fraunces_72pt-Bold.ttf */,
				9D28079BFC7E139E6C4C8D65 /* Fraunces_72pt-Regular.ttf */,
			);
			path = Fraunces;
			sourceTree = "<group>";
		};
		F3DC304BB1B0CB1D516B5C34 /* Lora */ = {
			isa = PBXGroup;
			children = (
				D414766388E3034250D0E1AE /* Lora-Bold.ttf */,
				46B2E50D5AC047E8D52B2013 /* Lora-Regular.ttf */,
			);
			path = Lora;
			sourceTree = "<group>";
		};
		FDEDADDFC6788C80B33AEE44 /* AirPadShare */ = {
			isa = PBXGroup;
			children = (
				7ADCFC2E5FD3AD007A9DF0EE /* ShareViewController.swift */,
			);
			path = AirPadShare;
			sourceTree = "<group>";
		};
		FDFA9E66B2F9280B7A074F62 /* Intents */ = {
			isa = PBXGroup;
			children = (
				C8376D171BB956C6EA17E5F9 /* CaptureIntent.swift */,
			);
			path = Intents;
			sourceTree = "<group>";
		};
/* End PBXGroup section */

/* Begin PBXNativeTarget section */
		62C8055DB0F7AF52F9B3E615 /* AirPad */ = {
			isa = PBXNativeTarget;
			buildConfigurationList = 724E5D109A9BD9941149EF41 /* Build configuration list for PBXNativeTarget "AirPad" */;
			buildPhases = (
				7A201F7DE28F2BC68B00D7BD /* Sources */,
				1DE6D0262700D4F43458D3DE /* Resources */,
				E5CCE4B7D4E3DC05629BA7C9 /* Frameworks */,
				82DDF0000866D876B8509504 /* Embed Foundation Extensions */,
			);
			buildRules = (
			);
			dependencies = (
				4C4FA9FB46FC1707AF3D3102 /* PBXTargetDependency */,
			);
			name = AirPad;
			packageProductDependencies = (
			);
			productName = AirPad;
			productReference = 9D21AB3DEE91993C6F039833 /* AirPad.app */;
			productType = "com.apple.product-type.application";
		};
		9F144B331C91B74D76253A80 /* AirPadShare */ = {
			isa = PBXNativeTarget;
			buildConfigurationList = 50C1C80C799EE7F631291186 /* Build configuration list for PBXNativeTarget "AirPadShare" */;
			buildPhases = (
				B651AE95E0BAEFCFFEF1DCEF /* Sources */,
			);
			buildRules = (
			);
			dependencies = (
			);
			name = AirPadShare;
			packageProductDependencies = (
			);
			productName = AirPadShare;
			productReference = 20ED1D435BF9E254D634DF37 /* AirPadShare.appex */;
			productType = "com.apple.product-type.app-extension";
		};
/* End PBXNativeTarget section */

/* Begin PBXProject section */
		88710B490536A898E4AE3E9F /* Project object */ = {
			isa = PBXProject;
			attributes = {
				BuildIndependentTargetsInParallel = YES;
				LastUpgradeCheck = 1430;
				TargetAttributes = {
					62C8055DB0F7AF52F9B3E615 = {
						DevelopmentTeam = 8XM4B5F42Y;
					};
					9F144B331C91B74D76253A80 = {
						DevelopmentTeam = 8XM4B5F42Y;
					};
				};
			};
			buildConfigurationList = 5B38874CB5721F6BC454D594 /* Build configuration list for PBXProject "AirPad" */;
			developmentRegion = en;
			hasScannedForEncodings = 0;
			knownRegions = (
				Base,
				en,
			);
			mainGroup = 772C30E361C97B9515651400;
			minimizedProjectReferenceProxies = 1;
			preferredProjectObjectVersion = 77;
			productRefGroup = 95C31440F925CC38D4918A3D /* Products */;
			projectDirPath = "";
			projectRoot = "";
			targets = (
				62C8055DB0F7AF52F9B3E615 /* AirPad */,
				9F144B331C91B74D76253A80 /* AirPadShare */,
			);
		};
/* End PBXProject section */

/* Begin PBXResourcesBuildPhase section */
		1DE6D0262700D4F43458D3DE /* Resources */ = {
			isa = PBXResourcesBuildPhase;
			buildActionMask = 2147483647;
			files = (
				94A537D61439FE71622A5EF2 /* Assets.xcassets in Resources */,
				3E395C3D1D01816EA4255C62 /* Fraunces_72pt-Bold.ttf in Resources */,
				7F1400E0F8FC4DC57AFA78B0 /* Fraunces_72pt-Regular.ttf in Resources */,
				B22143F553374028E0FCAF87 /* Lato-Bold.ttf in Resources */,
				4D418B5B931D8B8170E67A3A /* Lato-Regular.ttf in Resources */,
				ACB61EF70E11DC8884EE3A6F /* Lora-Bold.ttf in Resources */,
				5F8E37E87E6B3DAC5C0E38A9 /* Lora-Regular.ttf in Resources */,
			);
			runOnlyForDeploymentPostprocessing = 0;
		};
/* End PBXResourcesBuildPhase section */

/* Begin PBXSourcesBuildPhase section */
		7A201F7DE28F2BC68B00D7BD /* Sources */ = {
			isa = PBXSourcesBuildPhase;
			buildActionMask = 2147483647;
			files = (
				D9A9504C9BF0EA24F2476910 /* AIService.swift in Sources */,
				6353A53FA1E910980685F823 /* ActionButtonFan.swift in Sources */,
				2249B0A6466ACB02E03C2E41 /* AirPadApp.swift in Sources */,
				D3E0730ECFE302BBC58A79C0 /* AppDelegate.swift in Sources */,
				C333CD1EB11BAB691BB68679 /* AppRouter.swift in Sources */,
				536D8F5AEBC887BD1A87C990 /* AutoScrollDriver.swift in Sources */,
				1D608EF5021F6603E6048269 /* BackgroundGridNode.swift in Sources */,
				D95E1D3F124A19FDFFE80BF3 /* BackgroundGridView.swift in Sources */,
				97C345D4F777202BA884F9A3 /* BatchParser.swift in Sources */,
				524632EA61033FFCA11734F8 /* BentoLayout.swift in Sources */,
				D6D1FFF3000672E37FB9A96A /* CameraCaptureView.swift in Sources */,
				61D32212DD37FB3544769B8A /* CanvasChrome.swift in Sources */,
				734EB4A1701A2D305395A6E2 /* CanvasLayout.swift in Sources */,
				69FA0FE57299DB041E67B961 /* CanvasPlaceholderView.swift in Sources */,
				85903919E22420C824ADCD93 /* CanvasScope.swift in Sources */,
				933F90BAF8522AC82045E273 /* CanvasSlideOutMenu.swift in Sources */,
				94765E10145D5017BDE18696 /* CanvasState.swift in Sources */,
				14CCCFDE746CB2FA0459B622 /* CanvasView.swift in Sources */,
				CE1698BA8F2CB57ED11C37F8 /* CaptureIntent.swift in Sources */,
				A795741744098AF3B305335B /* CardBlurTest.swift in Sources */,
				86C3217B7B90105732A120FA /* ClipboardContentRouter.swift in Sources */,
				FD2F516F643CD089B6E84F12 /* ClipboardContentRouterDiagnostic.swift in Sources */,
				1A71668ACC87B6B9C0D804E7 /* Collection.swift in Sources */,
				5A03FDA3ADA663B72A753A5C /* CollectionCreationSheet.swift in Sources */,
				AD35DBA4F029E70A9B72068F /* CollectionPickerMenu.swift in Sources */,
				B73EA7AE6A764D173EA47BD8 /* CollectionView.swift in Sources */,
				50D317CEDE9F97C21ED80ECF /* ContentView.swift in Sources */,
				92F35A9326AC198E2D28E79B /* CorpusIndex.swift in Sources */,
				59D565CBEADBCAFF7FF2D755 /* CorpusPhysicsScene.swift in Sources */,
				481B80E93834B0485E835938 /* CorpusQuerySheet.swift in Sources */,
				910169FB448EEF32C13A9AD4 /* CorpusStore.swift in Sources */,
				52D3D753240395AD3A873749 /* DashboardView.swift in Sources */,
				D920C62968AB09FDDB9124A4 /* DocumentEntryBody.swift in Sources */,
				CB2B608F43E8C59B2E14762E /* DocumentExtractionService.swift in Sources */,
				8D93AB74B120515EE87D5A07 /* DocumentGalleryBody.swift in Sources */,
				4B9B295B512914F6DF2CEE86 /* DocumentGalleryTile.swift in Sources */,
				3B496945356A064AD86E3547 /* DocumentPickerView.swift in Sources */,
				868B804EAA857627DC429F67 /* DocumentQuickLookViewer.swift in Sources */,
				60B79436916BF6C740B9DBCF /* DocumentViewModeToggle.swift in Sources */,
				AD075AAA15B8DF36B4830D0D /* EmptyStateOverlay.swift in Sources */,
				920726B4D8FC354FA85D6FED /* EntryCard.swift in Sources */,
				ABE6D49FBC9F9E8EC4D77DAB /* EntryDeletionDiagnostic.swift in Sources */,
				92EB26DCD27BEE257F94BDB1 /* EntryMigration.swift in Sources */,
				05B10604308289E3B1B57BC2 /* EntryMigrationSelfTest.swift in Sources */,
				FCF0EF49EFC72072CD23BFC4 /* EntryReorderController.swift in Sources */,
				ADFBFB77F411E0BDD3FA43F6 /* EntryVisualDevPanel.swift in Sources */,
				37C96334FF2E680609216C38 /* EntryVisualSettings.swift in Sources */,
				2E8726CA49E4BE479EED79CC /* FeatureFlags.swift in Sources */,
				55858A9A690EA3D459DE82E9 /* FilterState.swift in Sources */,
				9DE472F3C0CC2C7696196323 /* GalleryBody.swift in Sources */,
				348CAEC8BA9B796ECC63C1B0 /* GalleryFullscreenViewer.swift in Sources */,
				CA78CCC70BD9A594AD079E7D /* GalleryItemTile.swift in Sources */,
				0EACEA13F977A2F47F9705AE /* GhostQueryField.swift in Sources */,
				E138DAC05805DC2211707EE9 /* HDBSCAN.swift in Sources */,
				130B5342B773AA3949CFC79C /* HDBSCANCluster.swift in Sources */,
				CCD5B920FFC2E6B349140203 /* HDBSCANLinkage.swift in Sources */,
				CD7F0605807BAAE61280B1B3 /* HDBSCANReachability.swift in Sources */,
				60D696FF61EBB144201B1E88 /* HDBSCANSelfTest.swift in Sources */,
				F39A0B2613577ADDA29F4230 /* HDBSCANTree.swift in Sources */,
				299AECA5A73FE92E7FB0378B /* ImageEntryBody.swift in Sources */,
				9E5FA56AC337A7A5ADF61EE7 /* ImportIdeasSheet.swift in Sources */,
				5A4ACFE6BDA35A2F9B792DDD /* KeyboardDismissModifier.swift in Sources */,
				6AD3038B45A504C93797875A /* KeychainHelper.swift in Sources */,
				F80AAF8B81F515034F4CAE93 /* LayoutService.swift in Sources */,
				2D797B443BD3042A6F78FC40 /* LinkAppendSheet.swift in Sources */,
				598AB294337257CEED19A5BC /* LinkEntryBody.swift in Sources */,
				C3D20531250163A764EAB625 /* LinkGalleryBody.swift in Sources */,
				FBC912B89F98C2E8F875A72A /* LinkGalleryTile.swift in Sources */,
				4A2412B05EF3E6B0AC85E119 /* LinkSnapshotService.swift in Sources */,
				505E0F8BA9D6E93F476B35C0 /* LinkViewModeToggle.swift in Sources */,
				1C7BD8D8DAED08D89F04F795 /* LongPressDragRecognizer.swift in Sources */,
				B9CDAD910A082B35B8407337 /* MediaEntryChrome.swift in Sources */,
				75AF7C8AD43A3FE74F44F97D /* MediaFullscreenViewer.swift in Sources */,
				588C140B790E7DD63A55BCC1 /* MediaPickerWrapper.swift in Sources */,
				2066C6BE5B2E00550E919724 /* MediaThumbnailLoader.swift in Sources */,
				E76F2F630607772910AA020A /* ModelProcessingIndicator.swift in Sources */,
				79EBBD07CEAF35CA5E4CF8A3 /* Neighborhood.swift in Sources */,
				0284EB1329A9A5B1C0DF85D6 /* NeighborhoodService.swift in Sources */,
				6ABE3E503556A6148E29F602 /* Node.swift in Sources */,
				679810DFF18BC3D51A25E8E0 /* NodeCardView.swift in Sources */,
				B78F13EB665DF210C06FFD17 /* NodeDetailView.swift in Sources */,
				9CC24D2F472D010E7128EB08 /* NodeGradientBackground.swift in Sources */,
				9864B2ADA60C6630DA0223AC /* NodeItem.swift in Sources */,
				89E7C55E1D0C63E7C5D191D6 /* NodeItemType.swift in Sources */,
				8C96AD497D0109F8061A0BB6 /* NodeListView.swift in Sources */,
				980DA2AAD9F7ED4474D295C8 /* NodePickerSheet.swift in Sources */,
				AE6FCD7A72D7A70822662310 /* OGMetadataService.swift in Sources */,
				0EEF4CACE92EAACFFD043499 /* OGPreviewView.swift in Sources */,
				09AE21B8978FFA31BA8A26AF /* PastePadView.swift in Sources */,
				9453BD22FBCF63BB83151ABE /* QuarantineReviewSheet.swift in Sources */,
				99570B5D8F06DF317DEB07A5 /* QuarantineStore.swift in Sources */,
				E3407B345AD8EB8E5775944D /* QuikCaptureView.swift in Sources */,
				8FFDCAEF4D4015563015B420 /* RejectedBlock.swift in Sources */,
				2B4E58DDB1092B8D07102CC3 /* RelatednessService.swift in Sources */,
				E4563A24FEE837F3F34E65B0 /* RenameCollectionSheet.swift in Sources */,
				1A9E8EF4E13EF3D1B9009EB8 /* ReviewQueueSheet.swift in Sources */,
				6FC2BE9C463FD9AE53042812 /* RichTextEditor.swift in Sources */,
				1F75D3242F7280C70C2158C5 /* SceneDelegate.swift in Sources */,
				84D3297B82B6407D4F3DA4C4 /* SelectionService.swift in Sources */,
				ACA7B702683CE03A268E743D /* SettingsView.swift in Sources */,
				B0C29E98DF6C6DBE11E29DF1 /* SingleMediaBody.swift in Sources */,
				7701571E5153DEFA1B4F4D82 /* SpriteKitView.swift in Sources */,
				9BBBB45D21CADBD3E042E4E9 /* StrandService.swift in Sources */,
				35E9FE2824624E3B376D2C67 /* SubstrateCanvasLayoutAdapter.swift in Sources */,
				AE9C0E76D1F909B7C3197976 /* SubstrateColoringPass.swift in Sources */,
				0A1E663CC31AC33AC01C329C /* SubstrateCoord2D.swift in Sources */,
				E862499ADFEA34CD14EEC082 /* SubstrateInspectView.swift in Sources */,
				8DF5479C80E72F6CE5DCC035 /* SubstrateLayoutService.swift in Sources */,
				C87A28595DB3F99CAB512AE5 /* SubstrateRelaxationPass.swift in Sources */,
				8C06E3866E668409E3983A5D /* SubstrateSelfTest.swift in Sources */,
				1539FED677BC12C88E719D24 /* SubstrateService.swift in Sources */,
				072DC09BF29115E7CB85AC94 /* Tag.swift in Sources */,
				8943F983244CAFA176DC3313 /* TagCreationSheet.swift in Sources */,
				AF9E85D36F84D0F7EBD5AE5D /* TagEditorSheet.swift in Sources */,
				729D2AB8CC9F7200FB3D355C /* TagPickerMenu.swift in Sources */,
				2303084ED2267E83C85ED87E /* TextCaptureSheet.swift in Sources */,
				019EF67755B6DCAB5D16F595 /* TextEntryBody.swift in Sources */,
				8A4950423895F7ECE2B4D88E /* ThreadService.swift in Sources */,
				E4343E9BFBA0EAAF7E3C9D5B /* ThreadSuggestionCard.swift in Sources */,
				26E14B3E298318D333114703 /* TodayCardView.swift in Sources */,
				180A5BBD985A33703EA64E74 /* UMAP.swift in Sources */,
				AC00CAAEA3AB86F2D4455FD1 /* UMAPFindAB.swift in Sources */,
				A859CCDDA5AEF40491043CDA /* UMAPFuzzySet.swift in Sources */,
				2DDA27FA6C4F26BC05D7EA97 /* UMAPGraph.swift in Sources */,
				ACEC4360C76A6F362AA87972 /* UMAPModel.swift in Sources */,
				0DA4D90F51F7EBBB06AF43BF /* UMAPRandom.swift in Sources */,
				35F092469148D4C98C2C1F7D /* UMAPSGD.swift in Sources */,
				11D8040AE3C48E6498A1F6A6 /* UMAPSelfTest.swift in Sources */,
				82A241AC4B5BE28AC0C44FCE /* UMAPTransform.swift in Sources */,
				9EB9E29886AAC3A0626B456C /* UberNode.swift in Sources */,
				07CB581F48846F9CC3814049 /* UberNodeService.swift in Sources */,
				774AD9C545FED85D651CA8D7 /* VideoEntryBody.swift in Sources */,
				0DD473436C9C5CAAAC0E3654 /* ViewModeToggle.swift in Sources */,
				FCC7997009DE3B635D382FFF /* VoiceCaptureSheet.swift in Sources */,
				4A9066CFF7C8F4CF3B9EE689 /* VoiceEntryBody.swift in Sources */,
				B65ED43BBCC3BFD9FFC1621F /* iCloudDriveService.swift in Sources */,
			);
			runOnlyForDeploymentPostprocessing = 0;
		};
		B651AE95E0BAEFCFFEF1DCEF /* Sources */ = {
			isa = PBXSourcesBuildPhase;
			buildActionMask = 2147483647;
			files = (
				A13084DE621F1F87415AC97F /* BatchParser.swift in Sources */,
				F9BF2E691950BCBE9DA2906C /* CanvasLayout.swift in Sources */,
				0322D64C0EE47E45F43BB07A /* CanvasScope.swift in Sources */,
				9427669EFA4ECACBF0439D06 /* Collection.swift in Sources */,
				50DC50BEDB156FA63FDCB05A /* CorpusIndex.swift in Sources */,
				1AB937D63FE8F452D767344B /* Neighborhood.swift in Sources */,
				0498E0EE7559CBC6D217A2AA /* Node.swift in Sources */,
				20A15CA3D0F6100CB85D8AA1 /* NodeItem.swift in Sources */,
				F59A93CA70C8FE71BC12E118 /* NodeItemType.swift in Sources */,
				D5EB544A1177511F99074F74 /* RejectedBlock.swift in Sources */,
				82E46E44615798A6EAF8F8EF /* ShareViewController.swift in Sources */,
				0E65AFD08082B04CE1E21753 /* SubstrateCoord2D.swift in Sources */,
				2733262BA259E300B3613CF3 /* Tag.swift in Sources */,
				629990192B6017CAA6D5DF1D /* UberNode.swift in Sources */,
			);
			runOnlyForDeploymentPostprocessing = 0;
		};
/* End PBXSourcesBuildPhase section */

/* Begin PBXTargetDependency section */
		4C4FA9FB46FC1707AF3D3102 /* PBXTargetDependency */ = {
			isa = PBXTargetDependency;
			target = 9F144B331C91B74D76253A80 /* AirPadShare */;
			targetProxy = 739EC8D6156E30C3FDE6CC62 /* PBXContainerItemProxy */;
		};
/* End PBXTargetDependency section */

/* Begin XCBuildConfiguration section */
		3FBCA2F86FFC3CA18EB2872E /* Debug */ = {
			isa = XCBuildConfiguration;
			buildSettings = {
				CODE_SIGN_ENTITLEMENTS = AirPadShare/AirPadShare.entitlements;
				DEVELOPMENT_TEAM = 8XM4B5F42Y;
				INFOPLIST_FILE = AirPadShare/Info.plist;
				IPHONEOS_DEPLOYMENT_TARGET = 18.0;
				LD_RUNPATH_SEARCH_PATHS = (
					"$(inherited)",
					"@executable_path/Frameworks",
					"@executable_path/../../Frameworks",
				);
				PRODUCT_BUNDLE_IDENTIFIER = com.doctorpresident.airpad.share;
				SDKROOT = iphoneos;
				TARGETED_DEVICE_FAMILY = "1,2";
			};
			name = Debug;
		};
		59B4832112D2799C5485A624 /* Release */ = {
			isa = XCBuildConfiguration;
			buildSettings = {
				ASSETCATALOG_COMPILER_APPICON_NAME = AppIcon;
				CODE_SIGN_ENTITLEMENTS = AirPad/AirPad.entitlements;
				CODE_SIGN_IDENTITY = "iPhone Developer";
				DEVELOPMENT_TEAM = 8XM4B5F42Y;
				INFOPLIST_FILE = AirPad/Info.plist;
				IPHONEOS_DEPLOYMENT_TARGET = 18.0;
				LD_RUNPATH_SEARCH_PATHS = (
					"$(inherited)",
					"@executable_path/Frameworks",
				);
				PRODUCT_BUNDLE_IDENTIFIER = com.doctorpresident.airpad;
				SDKROOT = iphoneos;
				TARGETED_DEVICE_FAMILY = "1,2";
			};
			name = Release;
		};
		624667269BFF3CCA8914437D /* Release */ = {
			isa = XCBuildConfiguration;
			buildSettings = {
				CODE_SIGN_ENTITLEMENTS = AirPadShare/AirPadShare.entitlements;
				DEVELOPMENT_TEAM = 8XM4B5F42Y;
				INFOPLIST_FILE = AirPadShare/Info.plist;
				IPHONEOS_DEPLOYMENT_TARGET = 18.0;
				LD_RUNPATH_SEARCH_PATHS = (
					"$(inherited)",
					"@executable_path/Frameworks",
					"@executable_path/../../Frameworks",
				);
				PRODUCT_BUNDLE_IDENTIFIER = com.doctorpresident.airpad.share;
				SDKROOT = iphoneos;
				TARGETED_DEVICE_FAMILY = "1,2";
			};
			name = Release;
		};
		886247D1B0A418D294C351B4 /* Debug */ = {
			isa = XCBuildConfiguration;
			buildSettings = {
				ALWAYS_SEARCH_USER_PATHS = NO;
				CLANG_ANALYZER_NONNULL = YES;
				CLANG_ANALYZER_NUMBER_OBJECT_CONVERSION = YES_AGGRESSIVE;
				CLANG_CXX_LANGUAGE_STANDARD = "gnu++14";
				CLANG_CXX_LIBRARY = "libc++";
				CLANG_ENABLE_MODULES = YES;
				CLANG_ENABLE_OBJC_ARC = YES;
				CLANG_ENABLE_OBJC_WEAK = YES;
				CLANG_WARN_BLOCK_CAPTURE_AUTORELEASING = YES;
				CLANG_WARN_BOOL_CONVERSION = YES;
				CLANG_WARN_COMMA = YES;
				CLANG_WARN_CONSTANT_CONVERSION = YES;
				CLANG_WARN_DEPRECATED_OBJC_IMPLEMENTATIONS = YES;
				CLANG_WARN_DIRECT_OBJC_ISA_USAGE = YES_ERROR;
				CLANG_WARN_DOCUMENTATION_COMMENTS = YES;
				CLANG_WARN_EMPTY_BODY = YES;
				CLANG_WARN_ENUM_CONVERSION = YES;
				CLANG_WARN_INFINITE_RECURSION = YES;
				CLANG_WARN_INT_CONVERSION = YES;
				CLANG_WARN_NON_LITERAL_NULL_CONVERSION = YES;
				CLANG_WARN_OBJC_IMPLICIT_RETAIN_SELF = YES;
				CLANG_WARN_OBJC_LITERAL_CONVERSION = YES;
				CLANG_WARN_OBJC_ROOT_CLASS = YES_ERROR;
				CLANG_WARN_QUOTED_INCLUDE_IN_FRAMEWORK_HEADER = YES;
				CLANG_WARN_RANGE_LOOP_ANALYSIS = YES;
				CLANG_WARN_STRICT_PROTOTYPES = YES;
				CLANG_WARN_SUSPICIOUS_MOVE = YES;
				CLANG_WARN_UNGUARDED_AVAILABILITY = YES_AGGRESSIVE;
				CLANG_WARN_UNREACHABLE_CODE = YES;
				CLANG_WARN__DUPLICATE_METHOD_MATCH = YES;
				COPY_PHASE_STRIP = NO;
				DEBUG_INFORMATION_FORMAT = dwarf;
				DEVELOPMENT_TEAM = 8XM4B5F42Y;
				ENABLE_STRICT_OBJC_MSGSEND = YES;
				ENABLE_TESTABILITY = YES;
				GCC_C_LANGUAGE_STANDARD = gnu11;
				GCC_DYNAMIC_NO_PIC = NO;
				GCC_NO_COMMON_BLOCKS = YES;
				GCC_OPTIMIZATION_LEVEL = 0;
				GCC_PREPROCESSOR_DEFINITIONS = (
					"$(inherited)",
					"DEBUG=1",
				);
				GCC_WARN_64_TO_32_BIT_CONVERSION = YES;
				GCC_WARN_ABOUT_RETURN_TYPE = YES_ERROR;
				GCC_WARN_UNDECLARED_SELECTOR = YES;
				GCC_WARN_UNINITIALIZED_AUTOS = YES_AGGRESSIVE;
				GCC_WARN_UNUSED_FUNCTION = YES;
				GCC_WARN_UNUSED_VARIABLE = YES;
				IPHONEOS_DEPLOYMENT_TARGET = 18.0;
				MTL_ENABLE_DEBUG_INFO = INCLUDE_SOURCE;
				MTL_FAST_MATH = YES;
				ONLY_ACTIVE_ARCH = YES;
				PRODUCT_NAME = "$(TARGET_NAME)";
				SDKROOT = iphoneos;
				SWIFT_ACTIVE_COMPILATION_CONDITIONS = DEBUG;
				SWIFT_OPTIMIZATION_LEVEL = "-Onone";
				SWIFT_VERSION = 5.9;
			};
			name = Debug;
		};
		B123521643E70F4FDECEC4C8 /* Debug */ = {
			isa = XCBuildConfiguration;
			buildSettings = {
				ASSETCATALOG_COMPILER_APPICON_NAME = AppIcon;
				CODE_SIGN_ENTITLEMENTS = AirPad/AirPad.entitlements;
				CODE_SIGN_IDENTITY = "iPhone Developer";
				DEVELOPMENT_TEAM = 8XM4B5F42Y;
				INFOPLIST_FILE = AirPad/Info.plist;
				IPHONEOS_DEPLOYMENT_TARGET = 18.0;
				LD_RUNPATH_SEARCH_PATHS = (
					"$(inherited)",
					"@executable_path/Frameworks",
				);
				PRODUCT_BUNDLE_IDENTIFIER = com.doctorpresident.airpad;
				SDKROOT = iphoneos;
				TARGETED_DEVICE_FAMILY = "1,2";
			};
			name = Debug;
		};
		B27FE73CB72B72670933BB24 /* Release */ = {
			isa = XCBuildConfiguration;
			buildSettings = {
				ALWAYS_SEARCH_USER_PATHS = NO;
				CLANG_ANALYZER_NONNULL = YES;
				CLANG_ANALYZER_NUMBER_OBJECT_CONVERSION = YES_AGGRESSIVE;
				CLANG_CXX_LANGUAGE_STANDARD = "gnu++14";
				CLANG_CXX_LIBRARY = "libc++";
				CLANG_ENABLE_MODULES = YES;
				CLANG_ENABLE_OBJC_ARC = YES;
				CLANG_ENABLE_OBJC_WEAK = YES;
				CLANG_WARN_BLOCK_CAPTURE_AUTORELEASING = YES;
				CLANG_WARN_BOOL_CONVERSION = YES;
				CLANG_WARN_COMMA = YES;
				CLANG_WARN_CONSTANT_CONVERSION = YES;
				CLANG_WARN_DEPRECATED_OBJC_IMPLEMENTATIONS = YES;
				CLANG_WARN_DIRECT_OBJC_ISA_USAGE = YES_ERROR;
				CLANG_WARN_DOCUMENTATION_COMMENTS = YES;
				CLANG_WARN_EMPTY_BODY = YES;
				CLANG_WARN_ENUM_CONVERSION = YES;
				CLANG_WARN_INFINITE_RECURSION = YES;
				CLANG_WARN_INT_CONVERSION = YES;
				CLANG_WARN_NON_LITERAL_NULL_CONVERSION = YES;
				CLANG_WARN_OBJC_IMPLICIT_RETAIN_SELF = YES;
				CLANG_WARN_OBJC_LITERAL_CONVERSION = YES;
				CLANG_WARN_OBJC_ROOT_CLASS = YES_ERROR;
				CLANG_WARN_QUOTED_INCLUDE_IN_FRAMEWORK_HEADER = YES;
				CLANG_WARN_RANGE_LOOP_ANALYSIS = YES;
				CLANG_WARN_STRICT_PROTOTYPES = YES;
				CLANG_WARN_SUSPICIOUS_MOVE = YES;
				CLANG_WARN_UNGUARDED_AVAILABILITY = YES_AGGRESSIVE;
				CLANG_WARN_UNREACHABLE_CODE = YES;
				CLANG_WARN__DUPLICATE_METHOD_MATCH = YES;
				COPY_PHASE_STRIP = NO;
				DEBUG_INFORMATION_FORMAT = "dwarf-with-dsym";
				DEVELOPMENT_TEAM = 8XM4B5F42Y;
				ENABLE_NS_ASSERTIONS = NO;
				ENABLE_STRICT_OBJC_MSGSEND = YES;
				GCC_C_LANGUAGE_STANDARD = gnu11;
				GCC_NO_COMMON_BLOCKS = YES;
				GCC_WARN_64_TO_32_BIT_CONVERSION = YES;
				GCC_WARN_ABOUT_RETURN_TYPE = YES_ERROR;
				GCC_WARN_UNDECLARED_SELECTOR = YES;
				GCC_WARN_UNINITIALIZED_AUTOS = YES_AGGRESSIVE;
				GCC_WARN_UNUSED_FUNCTION = YES;
				GCC_WARN_UNUSED_VARIABLE = YES;
				IPHONEOS_DEPLOYMENT_TARGET = 18.0;
				MTL_ENABLE_DEBUG_INFO = NO;
				MTL_FAST_MATH = YES;
				PRODUCT_NAME = "$(TARGET_NAME)";
				SDKROOT = iphoneos;
				SWIFT_COMPILATION_MODE = wholemodule;
				SWIFT_OPTIMIZATION_LEVEL = "-O";
				SWIFT_VERSION = 5.9;
			};
			name = Release;
		};
/* End XCBuildConfiguration section */

/* Begin XCConfigurationList section */
		50C1C80C799EE7F631291186 /* Build configuration list for PBXNativeTarget "AirPadShare" */ = {
			isa = XCConfigurationList;
			buildConfigurations = (
				3FBCA2F86FFC3CA18EB2872E /* Debug */,
				624667269BFF3CCA8914437D /* Release */,
			);
			defaultConfigurationIsVisible = 0;
			defaultConfigurationName = Debug;
		};
		5B38874CB5721F6BC454D594 /* Build configuration list for PBXProject "AirPad" */ = {
			isa = XCConfigurationList;
			buildConfigurations = (
				886247D1B0A418D294C351B4 /* Debug */,
				B27FE73CB72B72670933BB24 /* Release */,
			);
			defaultConfigurationIsVisible = 0;
			defaultConfigurationName = Debug;
		};
		724E5D109A9BD9941149EF41 /* Build configuration list for PBXNativeTarget "AirPad" */ = {
			isa = XCConfigurationList;
			buildConfigurations = (
				B123521643E70F4FDECEC4C8 /* Debug */,
				59B4832112D2799C5485A624 /* Release */,
			);
			defaultConfigurationIsVisible = 0;
			defaultConfigurationName = Debug;
		};
/* End XCConfigurationList section */
	};
	rootObject = 88710B490536A898E4AE3E9F /* Project object */;
}
